// !$*UTF8*$!
{
	archiveVersion = 1;
	classes = {
	};
	objectVersion = 60;
	objects = {

/* Begin PBXBuildFile section */
		4F082E492C188D6C002263ED /* AppDelegate.m in Sources */ = {isa = PBXBuildFile; fileRef = 4F082E482C188D6C002263ED /* AppDelegate.m */; };
		4F082E4C2C188D6C002263ED /* SceneDelegate.m in Sources */ = {isa = PBXBuildFile; fileRef = 4F082E4B2C188D6C002263ED /* SceneDelegate.m */; };
		4F082E542C188D6D002263ED /* Assets.xcassets in Resources */ = {isa = PBXBuildFile; fileRef = 4F082E532C188D6D002263ED /* Assets.xcassets */; };
		4F082E572C188D6D002263ED /* Base in Resources */ = {isa = PBXBuildFile; fileRef = 4F082E562C188D6D002263ED /* Base */; platformFilter = ios; };
		4F082E5A2C188D6D002263ED /* main.m in Sources */ = {isa = PBXBuildFile; fileRef = 4F082E592C188D6D002263ED /* main.m */; };
		4F082E622C188E34002263ED /* MainCollectionViewController.mm in Sources */ = {isa = PBXBuildFile; fileRef = 4F082E612C188E34002263ED /* MainCollectionViewController.mm */; };
		4F082E6C2C189EF0002263ED /* ListEnvironmentCollectionViewController.mm in Sources */ = {isa = PBXBuildFile; fileRef = 4F082E6B2C189EF0002263ED /* ListEnvironmentCollectionViewController.mm */; };
		4F082E702C18A045002263ED /* ListEnvironmentContentConfiguration.mm in Sources */ = {isa = PBXBuildFile; fileRef = 4F082E6F2C18A045002263ED /* ListEnvironmentContentConfiguration.mm */; };
		4F082E742C18E269002263ED /* SceneActivationViewController.mm in Sources */ = {isa = PBXBuildFile; fileRef = 4F082E732C18E269002263ED /* SceneActivationViewController.mm */; };
		4F082E772C18E349002263ED /* OrangeSceneDelegate.m in Sources */ = {isa = PBXBuildFile; fileRef = 4F082E762C18E349002263ED /* OrangeSceneDelegate.m */; };
		4F082E7B2C18FD18002263ED /* CustomDocumentViewController.mm in Sources */ = {isa = PBXBuildFile; fileRef = 4F082E7A2C18FD18002263ED /* CustomDocumentViewController.mm */; };
		4F082E992C1A6194002263ED /* SystemBackgroundViewController.m in Sources */ = {isa = PBXBuildFile; fileRef = 4F082E982C1A6194002263ED /* SystemBackgroundViewController.m */; };
		4F082E9C2C1B4505002263ED /* UniformTypeIdentifiers.framework in Frameworks */ = {isa = PBXBuildFile; fileRef = 4F082E9B2C1B4505002263ED /* UniformTypeIdentifiers.framework */; };
		4F082E9F2C1B4831002263ED /* CustomDocument.mm in Sources */ = {isa = PBXBuildFile; fileRef = 4F082E9E2C1B4831002263ED /* CustomDocument.mm */; };
		4F082EA82C1B53C8002263ED /* ContentHuggingElementsViewController.mm in Sources */ = {isa = PBXBuildFile; fileRef = 4F082EA72C1B53C8002263ED /* ContentHuggingElementsViewController.mm */; };
		4F082EAC2C1B59C1002263ED /* CalendarViewController.mm in Sources */ = {isa = PBXBuildFile; fileRef = 4F082EAB2C1B59C1002263ED /* CalendarViewController.mm */; };
		4F0CBAA52C43D3FA00743DE2 /* MySearchViewController.mm in Sources */ = {isa = PBXBuildFile; fileRef = 4F0CBAA32C43D3FA00743DE2 /* MySearchViewController.mm */; };
		4F0CBAA92C44048D00743DE2 /* InputAssistantItemViewController.mm in Sources */ = {isa = PBXBuildFile; fileRef = 4F0CBAA82C44048D00743DE2 /* InputAssistantItemViewController.mm */; };
		4F1871942C4029CB002E7DFC /* CircleProgressViewController.mm in Sources */ = {isa = PBXBuildFile; fileRef = 4F1871932C4029CB002E7DFC /* CircleProgressViewController.mm */; };
		4F1F02282C23CD6C004F7EFF /* TabBarController.mm in Sources */ = {isa = PBXBuildFile; fileRef = 4F1F02272C23CD6C004F7EFF /* TabBarController.mm */; };
		4F1F022B2C23CE25004F7EFF /* PinkViewController.m in Sources */ = {isa = PBXBuildFile; fileRef = 4F1F022A2C23CE25004F7EFF /* PinkViewController.m */; };
		4F1F022E2C23CE3A004F7EFF /* CyanViewController.m in Sources */ = {isa = PBXBuildFile; fileRef = 4F1F022D2C23CE3A004F7EFF /* CyanViewController.m */; };
		4F1F02312C23CE4F004F7EFF /* OrangeViewController.m in Sources */ = {isa = PBXBuildFile; fileRef = 4F1F02302C23CE4F004F7EFF /* OrangeViewController.m */; };
		4F246BC72C3E85CA00244583 /* LargeContentViewController.mm in Sources */ = {isa = PBXBuildFile; fileRef = 4F246BC62C3E85CA00244583 /* LargeContentViewController.mm */; };
		4F3AFCA12C57F64E00F810CF /* PointerInteractionViewController.mm in Sources */ = {isa = PBXBuildFile; fileRef = 4F3AFCA02C57F64E00F810CF /* PointerInteractionViewController.mm */; };
		4F3DD69C2C9BDCF6006F6F49 /* BaselineViewController.mm in Sources */ = {isa = PBXBuildFile; fileRef = 4F3DD69B2C9BDCF6006F6F49 /* BaselineViewController.mm */; };
		4F3DD6A32C9BE537006F6F49 /* CustomBaselineViewController.mm in Sources */ = {isa = PBXBuildFile; fileRef = 4F3DD6A22C9BE537006F6F49 /* CustomBaselineViewController.mm */; };
		4F455F032C2038D200CDE688 /* CustomTransitionController.mm in Sources */ = {isa = PBXBuildFile; fileRef = 4F455F022C2038D200CDE688 /* CustomTransitionController.mm */; };
		4F455F1A2C27EBE400CDE688 /* JitterAnimationViewController.mm in Sources */ = {isa = PBXBuildFile; fileRef = 4F455F192C27EBE400CDE688 /* JitterAnimationViewController.mm */; };
		4F455F1E2C280C4A00CDE688 /* TabBar2Controller.m in Sources */ = {isa = PBXBuildFile; fileRef = 4F455F1D2C280C4A00CDE688 /* TabBar2Controller.m */; };
		4F455F222C281AAC00CDE688 /* UpdateLinkViewController.mm in Sources */ = {isa = PBXBuildFile; fileRef = 4F455F212C281AAC00CDE688 /* UpdateLinkViewController.mm */; };
		4F46CFCC2C282AF5005AC6AF /* ProminenceViewController.mm in Sources */ = {isa = PBXBuildFile; fileRef = 4F46CFCB2C282AF5005AC6AF /* ProminenceViewController.mm */; };
		4F46CFD02C282D9A005AC6AF /* FontPickerPresenterViewController.mm in Sources */ = {isa = PBXBuildFile; fileRef = 4F46CFCF2C282D9A005AC6AF /* FontPickerPresenterViewController.mm */; };
		4F4903772D03554E0017A47D /* MarqueeLabelViewController.mm in Sources */ = {isa = PBXBuildFile; fileRef = 4F4903762D03554E0017A47D /* MarqueeLabelViewController.mm */; };
		4F4903782D03554E0017A47D /* MarqueeLabelViewController.mm in Sources */ = {isa = PBXBuildFile; fileRef = 4F4903762D03554E0017A47D /* MarqueeLabelViewController.mm */; };
		4F5056532C5938F400B49BB9 /* SafariServices.framework in Frameworks */ = {isa = PBXBuildFile; fileRef = 4F5056522C5938F400B49BB9 /* SafariServices.framework */; };
		4F5068AE2C3D98F800293E81 /* LegacyTabBarController.mm in Sources */ = {isa = PBXBuildFile; fileRef = 4F5068AD2C3D98F800293E81 /* LegacyTabBarController.mm */; };
		4F5068B22C3D9D8800293E81 /* LegacyTabBar2Controller.mm in Sources */ = {isa = PBXBuildFile; fileRef = 4F5068B12C3D9D8800293E81 /* LegacyTabBar2Controller.mm */; };
		4F59DEA62CFFF56100E88830 /* SystemBackgroundViewController.m in Sources */ = {isa = PBXBuildFile; fileRef = 4F082E982C1A6194002263ED /* SystemBackgroundViewController.m */; };
		4F59DEA72CFFF56100E88830 /* LargeContentViewController.mm in Sources */ = {isa = PBXBuildFile; fileRef = 4F246BC62C3E85CA00244583 /* LargeContentViewController.mm */; };
		4F59DEA82CFFF56100E88830 /* LegacyTabBarController.mm in Sources */ = {isa = PBXBuildFile; fileRef = 4F5068AD2C3D98F800293E81 /* LegacyTabBarController.mm */; };
		4F59DEA92CFFF56100E88830 /* NSObject+Foundation_IvarDescription.mm in Sources */ = {isa = PBXBuildFile; fileRef = 4FA8EEF92C1CE98100B1358A /* NSObject+Foundation_IvarDescription.mm */; };
		4F59DEAA2CFFF56100E88830 /* OldLinkTextViewController.mm in Sources */ = {isa = PBXBuildFile; fileRef = 4FB9FC452C58C4E5006B3245 /* OldLinkTextViewController.mm */; };
		4F59DEAB2CFFF56100E88830 /* LegacyTabBar2Controller.mm in Sources */ = {isa = PBXBuildFile; fileRef = 4F5068B12C3D9D8800293E81 /* LegacyTabBar2Controller.mm */; };
		4F59DEAC2CFFF56100E88830 /* ProminenceViewController.mm in Sources */ = {isa = PBXBuildFile; fileRef = 4F46CFCB2C282AF5005AC6AF /* ProminenceViewController.mm */; };
		4F59DEAD2CFFF56100E88830 /* CustomViewControllerTransition.mm in Sources */ = {isa = PBXBuildFile; fileRef = 4FA8EEF62C1CE0E200B1358A /* CustomViewControllerTransition.mm */; };
		4F59DEAE2CFFF56100E88830 /* WritingToolsViewController.mm in Sources */ = {isa = PBXBuildFile; fileRef = 4F5D11C42C58AD5A000C12C3 /* WritingToolsViewController.mm */; };
		4F59DEAF2CFFF56100E88830 /* ContentHuggingElementsViewController.mm in Sources */ = {isa = PBXBuildFile; fileRef = 4F082EA72C1B53C8002263ED /* ContentHuggingElementsViewController.mm */; };
		4F59DEB02CFFF56100E88830 /* CustomDismissPercentageInteraction.mm in Sources */ = {isa = PBXBuildFile; fileRef = 4FAD987A2C217CF400A5C513 /* CustomDismissPercentageInteraction.mm */; };
		4F59DEB12CFFF56100E88830 /* ListEnvironmentContentConfiguration.mm in Sources */ = {isa = PBXBuildFile; fileRef = 4F082E6F2C18A045002263ED /* ListEnvironmentContentConfiguration.mm */; };
		4F59DEB22CFFF56100E88830 /* OrangeViewController.m in Sources */ = {isa = PBXBuildFile; fileRef = 4F1F02302C23CE4F004F7EFF /* OrangeViewController.m */; };
		4F59DEB32CFFF56100E88830 /* CustomDismissCustomInteraction.mm in Sources */ = {isa = PBXBuildFile; fileRef = 4F8BD38F2C22E1520031535F /* CustomDismissCustomInteraction.mm */; };
		4F59DEB42CFFF56100E88830 /* OrangeSceneDelegate.m in Sources */ = {isa = PBXBuildFile; fileRef = 4F082E762C18E349002263ED /* OrangeSceneDelegate.m */; };
		4F59DEB52CFFF56100E88830 /* InputAssistantItemViewController.mm in Sources */ = {isa = PBXBuildFile; fileRef = 4F0CBAA82C44048D00743DE2 /* InputAssistantItemViewController.mm */; };
		4F59DEB62CFFF56100E88830 /* CustomDismissInteractiveTransitioning.mm in Sources */ = {isa = PBXBuildFile; fileRef = 4F8BD38C2C22E11F0031535F /* CustomDismissInteractiveTransitioning.mm */; };
		4F59DEB72CFFF56100E88830 /* TabBarAppearanceViewController.mm in Sources */ = {isa = PBXBuildFile; fileRef = 4F9C08B22C3E2B5F009897D6 /* TabBarAppearanceViewController.mm */; };
		4F59DEB82CFFF56100E88830 /* CircleProgressViewController.mm in Sources */ = {isa = PBXBuildFile; fileRef = 4F1871932C4029CB002E7DFC /* CircleProgressViewController.mm */; };
		4F59DEB92CFFF56100E88830 /* CustomBaselineViewController.mm in Sources */ = {isa = PBXBuildFile; fileRef = 4F3DD6A22C9BE537006F6F49 /* CustomBaselineViewController.mm */; };
		4F59DEBA2CFFF56100E88830 /* SymbolEffectsViewController.mm in Sources */ = {isa = PBXBuildFile; fileRef = 4FBEC51D2C3C568C008A2F17 /* SymbolEffectsViewController.mm */; };
		4F59DEBB2CFFF56100E88830 /* ToTransitionViewController.mm in Sources */ = {isa = PBXBuildFile; fileRef = 4FA8EEF32C1CDBD700B1358A /* ToTransitionViewController.mm */; };
		4F59DEBC2CFFF56100E88830 /* ToolbarAppearanceViewController.mm in Sources */ = {isa = PBXBuildFile; fileRef = 4F9C08D32C3E5574009897D6 /* ToolbarAppearanceViewController.mm */; };
		4F59DEBD2CFFF56100E88830 /* CyanViewController.m in Sources */ = {isa = PBXBuildFile; fileRef = 4F1F022D2C23CE3A004F7EFF /* CyanViewController.m */; };
		4F59DEBE2CFFF56100E88830 /* BaselineViewController.mm in Sources */ = {isa = PBXBuildFile; fileRef = 4F3DD69B2C9BDCF6006F6F49 /* BaselineViewController.mm */; };
		4F59DEBF2CFFF56100E88830 /* FromTransitionViewController.mm in Sources */ = {isa = PBXBuildFile; fileRef = 4FA8EEF02C1CDBCA00B1358A /* FromTransitionViewController.mm */; };
		4F59DEC02CFFF56100E88830 /* AppDelegate.m in Sources */ = {isa = PBXBuildFile; fileRef = 4F082E482C188D6C002263ED /* AppDelegate.m */; };
		4F59DEC12CFFF56100E88830 /* SceneActivationViewController.mm in Sources */ = {isa = PBXBuildFile; fileRef = 4F082E732C18E269002263ED /* SceneActivationViewController.mm */; };
		4F59DEC22CFFF56100E88830 /* CalendarViewController.mm in Sources */ = {isa = PBXBuildFile; fileRef = 4F082EAB2C1B59C1002263ED /* CalendarViewController.mm */; };
		4F59DEC32CFFF56100E88830 /* CustomDocument.mm in Sources */ = {isa = PBXBuildFile; fileRef = 4F082E9E2C1B4831002263ED /* CustomDocument.mm */; };
		4F59DEC42CFFF56100E88830 /* MainCollectionViewController.mm in Sources */ = {isa = PBXBuildFile; fileRef = 4F082E612C188E34002263ED /* MainCollectionViewController.mm */; };
		4F59DEC52CFFF56100E88830 /* PinkViewController.m in Sources */ = {isa = PBXBuildFile; fileRef = 4F1F022A2C23CE25004F7EFF /* PinkViewController.m */; };
		4F59DEC62CFFF56100E88830 /* FontPickerPresenterViewController.mm in Sources */ = {isa = PBXBuildFile; fileRef = 4F46CFCF2C282D9A005AC6AF /* FontPickerPresenterViewController.mm */; };
		4F59DEC72CFFF56100E88830 /* TextViewController.mm in Sources */ = {isa = PBXBuildFile; fileRef = 4FA8EEE82C1C012A00B1358A /* TextViewController.mm */; };
		4F59DEC82CFFF56100E88830 /* ProKeyboardViewController.mm in Sources */ = {isa = PBXBuildFile; fileRef = 4F7941CF2C7896760031F456 /* ProKeyboardViewController.mm */; };
		4F59DEC92CFFF56100E88830 /* TabBar2Controller.m in Sources */ = {isa = PBXBuildFile; fileRef = 4F455F1D2C280C4A00CDE688 /* TabBar2Controller.m */; };
		4F59DECA2CFFF56100E88830 /* TabBarController.mm in Sources */ = {isa = PBXBuildFile; fileRef = 4F1F02272C23CD6C004F7EFF /* TabBarController.mm */; };
		4F59DECB2CFFF56100E88830 /* CustomDocumentViewController.mm in Sources */ = {isa = PBXBuildFile; fileRef = 4F082E7A2C18FD18002263ED /* CustomDocumentViewController.mm */; };
		4F59DECC2CFFF56100E88830 /* UpdateLinkViewController.mm in Sources */ = {isa = PBXBuildFile; fileRef = 4F455F212C281AAC00CDE688 /* UpdateLinkViewController.mm */; };
		4F59DECD2CFFF56100E88830 /* JitterAnimationViewController.mm in Sources */ = {isa = PBXBuildFile; fileRef = 4F455F192C27EBE400CDE688 /* JitterAnimationViewController.mm */; };
		4F59DECE2CFFF56100E88830 /* ListEnvironmentCollectionViewController.mm in Sources */ = {isa = PBXBuildFile; fileRef = 4F082E6B2C189EF0002263ED /* ListEnvironmentCollectionViewController.mm */; };
		4F59DECF2CFFF56100E88830 /* main.m in Sources */ = {isa = PBXBuildFile; fileRef = 4F082E592C188D6D002263ED /* main.m */; };
		4F59DED02CFFF56100E88830 /* NewLinkTextViewController.mm in Sources */ = {isa = PBXBuildFile; fileRef = 4FB9FC412C58C2D6006B3245 /* NewLinkTextViewController.mm */; };
		4F59DED12CFFF56100E88830 /* SceneDelegate.m in Sources */ = {isa = PBXBuildFile; fileRef = 4F082E4B2C188D6C002263ED /* SceneDelegate.m */; };
		4F59DED22CFFF56100E88830 /* MySearchViewController.mm in Sources */ = {isa = PBXBuildFile; fileRef = 4F0CBAA32C43D3FA00743DE2 /* MySearchViewController.mm */; };
		4F59DED32CFFF56100E88830 /* PointerInteractionViewController.mm in Sources */ = {isa = PBXBuildFile; fileRef = 4F3AFCA02C57F64E00F810CF /* PointerInteractionViewController.mm */; };
		4F59DED42CFFF56100E88830 /* SymbolTransitionsViewController.mm in Sources */ = {isa = PBXBuildFile; fileRef = 4FDABC682C3D35DE00F928DB /* SymbolTransitionsViewController.mm */; };
		4F59DED52CFFF56100E88830 /* CustomViewMenuElementDynamicHeightViewController.mm in Sources */ = {isa = PBXBuildFile; fileRef = 4F83911B2CCCFEAE0005B8AC /* CustomViewMenuElementDynamicHeightViewController.mm */; };
		4F59DED62CFFF56100E88830 /* MyNavigationItemViewController.mm in Sources */ = {isa = PBXBuildFile; fileRef = 4F7BC13B2C3C43B900419197 /* MyNavigationItemViewController.mm */; };
		4F59DED72CFFF56100E88830 /* FloatingKeyboardViewController.mm in Sources */ = {isa = PBXBuildFile; fileRef = 4F7941D32C7897D50031F456 /* FloatingKeyboardViewController.mm */; };
		4F59DED82CFFF56100E88830 /* SplitKeyboardViewController.mm in Sources */ = {isa = PBXBuildFile; fileRef = 4F7941D72C7898470031F456 /* SplitKeyboardViewController.mm */; };
		4F59DED92CFFF56100E88830 /* CustomTransitionController.mm in Sources */ = {isa = PBXBuildFile; fileRef = 4F455F022C2038D200CDE688 /* CustomTransitionController.mm */; };
		4F59DEDB2CFFF56100E88830 /* SafariServices.framework in Frameworks */ = {isa = PBXBuildFile; fileRef = 4F5056522C5938F400B49BB9 /* SafariServices.framework */; };
		4F59DEDC2CFFF56100E88830 /* UniformTypeIdentifiers.framework in Frameworks */ = {isa = PBXBuildFile; fileRef = 4F082E9B2C1B4505002263ED /* UniformTypeIdentifiers.framework */; };
		4F59DEDE2CFFF56100E88830 /* Assets.xcassets in Resources */ = {isa = PBXBuildFile; fileRef = 4F082E532C188D6D002263ED /* Assets.xcassets */; };
		4F59DEDF2CFFF56100E88830 /* article.txt in Resources */ = {isa = PBXBuildFile; fileRef = 4F5FE5F52C5A0AE70044345D /* article.txt */; };
		4F59DEE02CFFF56100E88830 /* Base in Resources */ = {isa = PBXBuildFile; fileRef = 4F082E562C188D6D002263ED /* Base */; platformFilter = ios; };
		4F59DEE12CFFF56100E88830 /* image.heic in Resources */ = {isa = PBXBuildFile; fileRef = 4FA8EEEC2C1CD3B000B1358A /* image.heic */; };
		4F59DEEA2CFFF6A900E88830 /* ApplicationCategoryViewController.mm in Sources */ = {isa = PBXBuildFile; fileRef = 4F59DEE92CFFF6A900E88830 /* ApplicationCategoryViewController.mm */; };
		4F59DEEB2CFFF6A900E88830 /* ApplicationCategoryViewController.mm in Sources */ = {isa = PBXBuildFile; fileRef = 4F59DEE92CFFF6A900E88830 /* ApplicationCategoryViewController.mm */; };
		4F59DEEF2CFFFA7B00E88830 /* NewWritingToolsViewController.mm in Sources */ = {isa = PBXBuildFile; fileRef = 4F59DEEE2CFFFA7B00E88830 /* NewWritingToolsViewController.mm */; };
		4F59DEF02CFFFA7B00E88830 /* NewWritingToolsViewController.mm in Sources */ = {isa = PBXBuildFile; fileRef = 4F59DEEE2CFFFA7B00E88830 /* NewWritingToolsViewController.mm */; };
		4F5D11C52C58AD5A000C12C3 /* WritingToolsViewController.mm in Sources */ = {isa = PBXBuildFile; fileRef = 4F5D11C42C58AD5A000C12C3 /* WritingToolsViewController.mm */; };
		4F5FE5F62C5A0B950044345D /* article.txt in Resources */ = {isa = PBXBuildFile; fileRef = 4F5FE5F52C5A0AE70044345D /* article.txt */; };
		4F7941D02C7896760031F456 /* ProKeyboardViewController.mm in Sources */ = {isa = PBXBuildFile; fileRef = 4F7941CF2C7896760031F456 /* ProKeyboardViewController.mm */; };
		4F7941D42C7897D50031F456 /* FloatingKeyboardViewController.mm in Sources */ = {isa = PBXBuildFile; fileRef = 4F7941D32C7897D50031F456 /* FloatingKeyboardViewController.mm */; };
		4F7941D82C7898470031F456 /* SplitKeyboardViewController.mm in Sources */ = {isa = PBXBuildFile; fileRef = 4F7941D72C7898470031F456 /* SplitKeyboardViewController.mm */; };
		4F7BC13C2C3C43B900419197 /* MyNavigationItemViewController.mm in Sources */ = {isa = PBXBuildFile; fileRef = 4F7BC13B2C3C43B900419197 /* MyNavigationItemViewController.mm */; };
		4F83911C2CCCFEAE0005B8AC /* CustomViewMenuElementDynamicHeightViewController.mm in Sources */ = {isa = PBXBuildFile; fileRef = 4F83911B2CCCFEAE0005B8AC /* CustomViewMenuElementDynamicHeightViewController.mm */; };
		4F8BD38D2C22E11F0031535F /* CustomDismissInteractiveTransitioning.mm in Sources */ = {isa = PBXBuildFile; fileRef = 4F8BD38C2C22E11F0031535F /* CustomDismissInteractiveTransitioning.mm */; };
		4F8BD3902C22E1520031535F /* CustomDismissCustomInteraction.mm in Sources */ = {isa = PBXBuildFile; fileRef = 4F8BD38F2C22E1520031535F /* CustomDismissCustomInteraction.mm */; };
		4F9C08B32C3E2B5F009897D6 /* TabBarAppearanceViewController.mm in Sources */ = {isa = PBXBuildFile; fileRef = 4F9C08B22C3E2B5F009897D6 /* TabBarAppearanceViewController.mm */; };
		4F9C08D42C3E5574009897D6 /* ToolbarAppearanceViewController.mm in Sources */ = {isa = PBXBuildFile; fileRef = 4F9C08D32C3E5574009897D6 /* ToolbarAppearanceViewController.mm */; };
		4FA8EEE92C1C012A00B1358A /* TextViewController.mm in Sources */ = {isa = PBXBuildFile; fileRef = 4FA8EEE82C1C012A00B1358A /* TextViewController.mm */; };
		4FA8EEED2C1CD3B000B1358A /* image.heic in Resources */ = {isa = PBXBuildFile; fileRef = 4FA8EEEC2C1CD3B000B1358A /* image.heic */; };
		4FA8EEF12C1CDBCA00B1358A /* FromTransitionViewController.mm in Sources */ = {isa = PBXBuildFile; fileRef = 4FA8EEF02C1CDBCA00B1358A /* FromTransitionViewController.mm */; };
		4FA8EEF42C1CDBD700B1358A /* ToTransitionViewController.mm in Sources */ = {isa = PBXBuildFile; fileRef = 4FA8EEF32C1CDBD700B1358A /* ToTransitionViewController.mm */; };
		4FA8EEF72C1CE0E200B1358A /* CustomViewControllerTransition.mm in Sources */ = {isa = PBXBuildFile; fileRef = 4FA8EEF62C1CE0E200B1358A /* CustomViewControllerTransition.mm */; };
		4FA8EEFA2C1CE98100B1358A /* NSObject+Foundation_IvarDescription.mm in Sources */ = {isa = PBXBuildFile; fileRef = 4FA8EEF92C1CE98100B1358A /* NSObject+Foundation_IvarDescription.mm */; };
		4FAD987B2C217CF400A5C513 /* CustomDismissPercentageInteraction.mm in Sources */ = {isa = PBXBuildFile; fileRef = 4FAD987A2C217CF400A5C513 /* CustomDismissPercentageInteraction.mm */; };
		4FB9FC422C58C2D6006B3245 /* NewLinkTextViewController.mm in Sources */ = {isa = PBXBuildFile; fileRef = 4FB9FC412C58C2D6006B3245 /* NewLinkTextViewController.mm */; };
		4FB9FC462C58C4E5006B3245 /* OldLinkTextViewController.mm in Sources */ = {isa = PBXBuildFile; fileRef = 4FB9FC452C58C4E5006B3245 /* OldLinkTextViewController.mm */; };
		4FBEC51E2C3C568C008A2F17 /* SymbolEffectsViewController.mm in Sources */ = {isa = PBXBuildFile; fileRef = 4FBEC51D2C3C568C008A2F17 /* SymbolEffectsViewController.mm */; };
		4FD54C892D00854E002CE52C /* beer.jpg in Resources */ = {isa = PBXBuildFile; fileRef = 4FD54C882D00854E002CE52C /* beer.jpg */; };
		4FD54C8A2D00854E002CE52C /* beer.jpg in Resources */ = {isa = PBXBuildFile; fileRef = 4FD54C882D00854E002CE52C /* beer.jpg */; };
		4FD54E902D00BB78002CE52C /* LabelWritingToolsViewController.mm in Sources */ = {isa = PBXBuildFile; fileRef = 4FD54E8F2D00BB78002CE52C /* LabelWritingToolsViewController.mm */; };
		4FD54E912D00BB78002CE52C /* LabelWritingToolsViewController.mm in Sources */ = {isa = PBXBuildFile; fileRef = 4FD54E8F2D00BB78002CE52C /* LabelWritingToolsViewController.mm */; };
		4FDABC692C3D35DE00F928DB /* SymbolTransitionsViewController.mm in Sources */ = {isa = PBXBuildFile; fileRef = 4FDABC682C3D35DE00F928DB /* SymbolTransitionsViewController.mm */; };
/* End PBXBuildFile section */

/* Begin PBXFileReference section */
		4F082E442C188D6C002263ED /* MiscellaneousUIKit.app */ = {isa = PBXFileReference; explicitFileType = wrapper.application; includeInIndex = 0; path = MiscellaneousUIKit.app; sourceTree = BUILT_PRODUCTS_DIR; };
		4F082E472C188D6C002263ED /* AppDelegate.h */ = {isa = PBXFileReference; lastKnownFileType = sourcecode.c.h; path = AppDelegate.h; sourceTree = "<group>"; };
		4F082E482C188D6C002263ED /* AppDelegate.m */ = {isa = PBXFileReference; lastKnownFileType = sourcecode.c.objc; path = AppDelegate.m; sourceTree = "<group>"; };
		4F082E4A2C188D6C002263ED /* SceneDelegate.h */ = {isa = PBXFileReference; lastKnownFileType = sourcecode.c.h; path = SceneDelegate.h; sourceTree = "<group>"; };
		4F082E4B2C188D6C002263ED /* SceneDelegate.m */ = {isa = PBXFileReference; lastKnownFileType = sourcecode.c.objc; path = SceneDelegate.m; sourceTree = "<group>"; };
		4F082E532C188D6D002263ED /* Assets.xcassets */ = {isa = PBXFileReference; lastKnownFileType = folder.assetcatalog; path = Assets.xcassets; sourceTree = "<group>"; };
		4F082E562C188D6D002263ED /* Base */ = {isa = PBXFileReference; lastKnownFileType = file.storyboard; name = Base; path = Base.lproj/LaunchScreen.storyboard; sourceTree = "<group>"; };
		4F082E582C188D6D002263ED /* Info.plist */ = {isa = PBXFileReference; lastKnownFileType = text.plist.xml; path = Info.plist; sourceTree = "<group>"; };
		4F082E592C188D6D002263ED /* main.m */ = {isa = PBXFileReference; lastKnownFileType = sourcecode.c.objc; path = main.m; sourceTree = "<group>"; };
		4F082E602C188E34002263ED /* MainCollectionViewController.h */ = {isa = PBXFileReference; lastKnownFileType = sourcecode.c.h; path = MainCollectionViewController.h; sourceTree = "<group>"; };
		4F082E612C188E34002263ED /* MainCollectionViewController.mm */ = {isa = PBXFileReference; lastKnownFileType = sourcecode.cpp.objcpp; path = MainCollectionViewController.mm; sourceTree = "<group>"; };
		4F082E6A2C189EF0002263ED /* ListEnvironmentCollectionViewController.h */ = {isa = PBXFileReference; lastKnownFileType = sourcecode.c.h; path = ListEnvironmentCollectionViewController.h; sourceTree = "<group>"; };
		4F082E6B2C189EF0002263ED /* ListEnvironmentCollectionViewController.mm */ = {isa = PBXFileReference; lastKnownFileType = sourcecode.cpp.objcpp; path = ListEnvironmentCollectionViewController.mm; sourceTree = "<group>"; };
		4F082E6E2C18A045002263ED /* ListEnvironmentContentConfiguration.h */ = {isa = PBXFileReference; lastKnownFileType = sourcecode.c.h; path = ListEnvironmentContentConfiguration.h; sourceTree = "<group>"; };
		4F082E6F2C18A045002263ED /* ListEnvironmentContentConfiguration.mm */ = {isa = PBXFileReference; lastKnownFileType = sourcecode.cpp.objcpp; path = ListEnvironmentContentConfiguration.mm; sourceTree = "<group>"; };
		4F082E722C18E269002263ED /* SceneActivationViewController.h */ = {isa = PBXFileReference; lastKnownFileType = sourcecode.c.h; path = SceneActivationViewController.h; sourceTree = "<group>"; };
		4F082E732C18E269002263ED /* SceneActivationViewController.mm */ = {isa = PBXFileReference; lastKnownFileType = sourcecode.cpp.objcpp; path = SceneActivationViewController.mm; sourceTree = "<group>"; };
		4F082E752C18E349002263ED /* OrangeSceneDelegate.h */ = {isa = PBXFileReference; lastKnownFileType = sourcecode.c.h; path = OrangeSceneDelegate.h; sourceTree = "<group>"; };
		4F082E762C18E349002263ED /* OrangeSceneDelegate.m */ = {isa = PBXFileReference; lastKnownFileType = sourcecode.c.objc; path = OrangeSceneDelegate.m; sourceTree = "<group>"; };
		4F082E792C18FD18002263ED /* CustomDocumentViewController.h */ = {isa = PBXFileReference; lastKnownFileType = sourcecode.c.h; path = CustomDocumentViewController.h; sourceTree = "<group>"; };
		4F082E7A2C18FD18002263ED /* CustomDocumentViewController.mm */ = {isa = PBXFileReference; lastKnownFileType = sourcecode.cpp.objcpp; path = CustomDocumentViewController.mm; sourceTree = "<group>"; };
		4F082E972C1A6194002263ED /* SystemBackgroundViewController.h */ = {isa = PBXFileReference; lastKnownFileType = sourcecode.c.h; path = SystemBackgroundViewController.h; sourceTree = "<group>"; };
		4F082E982C1A6194002263ED /* SystemBackgroundViewController.m */ = {isa = PBXFileReference; lastKnownFileType = sourcecode.c.objc; path = SystemBackgroundViewController.m; sourceTree = "<group>"; };
		4F082E9B2C1B4505002263ED /* UniformTypeIdentifiers.framework */ = {isa = PBXFileReference; lastKnownFileType = wrapper.framework; name = UniformTypeIdentifiers.framework; path = System/Library/Frameworks/UniformTypeIdentifiers.framework; sourceTree = SDKROOT; };
		4F082E9D2C1B4831002263ED /* CustomDocument.h */ = {isa = PBXFileReference; lastKnownFileType = sourcecode.c.h; path = CustomDocument.h; sourceTree = "<group>"; };
		4F082E9E2C1B4831002263ED /* CustomDocument.mm */ = {isa = PBXFileReference; lastKnownFileType = sourcecode.cpp.objcpp; path = CustomDocument.mm; sourceTree = "<group>"; };
		4F082EA62C1B53C8002263ED /* ContentHuggingElementsViewController.h */ = {isa = PBXFileReference; lastKnownFileType = sourcecode.c.h; path = ContentHuggingElementsViewController.h; sourceTree = "<group>"; };
		4F082EA72C1B53C8002263ED /* ContentHuggingElementsViewController.mm */ = {isa = PBXFileReference; lastKnownFileType = sourcecode.cpp.objcpp; path = ContentHuggingElementsViewController.mm; sourceTree = "<group>"; };
		4F082EAA2C1B59C1002263ED /* CalendarViewController.h */ = {isa = PBXFileReference; lastKnownFileType = sourcecode.c.h; path = CalendarViewController.h; sourceTree = "<group>"; };
		4F082EAB2C1B59C1002263ED /* CalendarViewController.mm */ = {isa = PBXFileReference; lastKnownFileType = sourcecode.cpp.objcpp; path = CalendarViewController.mm; sourceTree = "<group>"; };
		4F0CBAA22C43D3FA00743DE2 /* MySearchViewController.h */ = {isa = PBXFileReference; lastKnownFileType = sourcecode.c.h; path = MySearchViewController.h; sourceTree = "<group>"; };
		4F0CBAA32C43D3FA00743DE2 /* MySearchViewController.mm */ = {isa = PBXFileReference; lastKnownFileType = sourcecode.cpp.objcpp; path = MySearchViewController.mm; sourceTree = "<group>"; };
		4F0CBAA72C44048D00743DE2 /* InputAssistantItemViewController.h */ = {isa = PBXFileReference; lastKnownFileType = sourcecode.c.h; path = InputAssistantItemViewController.h; sourceTree = "<group>"; };
		4F0CBAA82C44048D00743DE2 /* InputAssistantItemViewController.mm */ = {isa = PBXFileReference; lastKnownFileType = sourcecode.cpp.objcpp; path = InputAssistantItemViewController.mm; sourceTree = "<group>"; };
		4F1871922C4029CB002E7DFC /* CircleProgressViewController.h */ = {isa = PBXFileReference; lastKnownFileType = sourcecode.c.h; path = CircleProgressViewController.h; sourceTree = "<group>"; };
		4F1871932C4029CB002E7DFC /* CircleProgressViewController.mm */ = {isa = PBXFileReference; lastKnownFileType = sourcecode.cpp.objcpp; path = CircleProgressViewController.mm; sourceTree = "<group>"; };
		4F1F02262C23CD6C004F7EFF /* TabBarController.h */ = {isa = PBXFileReference; lastKnownFileType = sourcecode.c.h; path = TabBarController.h; sourceTree = "<group>"; };
		4F1F02272C23CD6C004F7EFF /* TabBarController.mm */ = {isa = PBXFileReference; lastKnownFileType = sourcecode.cpp.objcpp; path = TabBarController.mm; sourceTree = "<group>"; };
		4F1F02292C23CE25004F7EFF /* PinkViewController.h */ = {isa = PBXFileReference; lastKnownFileType = sourcecode.c.h; path = PinkViewController.h; sourceTree = "<group>"; };
		4F1F022A2C23CE25004F7EFF /* PinkViewController.m */ = {isa = PBXFileReference; lastKnownFileType = sourcecode.c.objc; path = PinkViewController.m; sourceTree = "<group>"; };
		4F1F022C2C23CE3A004F7EFF /* CyanViewController.h */ = {isa = PBXFileReference; lastKnownFileType = sourcecode.c.h; path = CyanViewController.h; sourceTree = "<group>"; };
		4F1F022D2C23CE3A004F7EFF /* CyanViewController.m */ = {isa = PBXFileReference; lastKnownFileType = sourcecode.c.objc; path = CyanViewController.m; sourceTree = "<group>"; };
		4F1F022F2C23CE4F004F7EFF /* OrangeViewController.h */ = {isa = PBXFileReference; lastKnownFileType = sourcecode.c.h; path = OrangeViewController.h; sourceTree = "<group>"; };
		4F1F02302C23CE4F004F7EFF /* OrangeViewController.m */ = {isa = PBXFileReference; lastKnownFileType = sourcecode.c.objc; path = OrangeViewController.m; sourceTree = "<group>"; };
		4F246BC52C3E85CA00244583 /* LargeContentViewController.h */ = {isa = PBXFileReference; lastKnownFileType = sourcecode.c.h; path = LargeContentViewController.h; sourceTree = "<group>"; };
		4F246BC62C3E85CA00244583 /* LargeContentViewController.mm */ = {isa = PBXFileReference; lastKnownFileType = sourcecode.cpp.objcpp; path = LargeContentViewController.mm; sourceTree = "<group>"; };
		4F3AFC9F2C57F64E00F810CF /* PointerInteractionViewController.h */ = {isa = PBXFileReference; lastKnownFileType = sourcecode.c.h; path = PointerInteractionViewController.h; sourceTree = "<group>"; };
		4F3AFCA02C57F64E00F810CF /* PointerInteractionViewController.mm */ = {isa = PBXFileReference; lastKnownFileType = sourcecode.cpp.objcpp; path = PointerInteractionViewController.mm; sourceTree = "<group>"; };
		4F3DD69A2C9BDCF6006F6F49 /* BaselineViewController.h */ = {isa = PBXFileReference; lastKnownFileType = sourcecode.c.h; path = BaselineViewController.h; sourceTree = "<group>"; };
		4F3DD69B2C9BDCF6006F6F49 /* BaselineViewController.mm */ = {isa = PBXFileReference; lastKnownFileType = sourcecode.cpp.objcpp; path = BaselineViewController.mm; sourceTree = "<group>"; };
		4F3DD6A12C9BE537006F6F49 /* CustomBaselineViewController.h */ = {isa = PBXFileReference; lastKnownFileType = sourcecode.c.h; path = CustomBaselineViewController.h; sourceTree = "<group>"; };
		4F3DD6A22C9BE537006F6F49 /* CustomBaselineViewController.mm */ = {isa = PBXFileReference; lastKnownFileType = sourcecode.cpp.objcpp; path = CustomBaselineViewController.mm; sourceTree = "<group>"; };
		4F455F012C2038D200CDE688 /* CustomTransitionController.h */ = {isa = PBXFileReference; lastKnownFileType = sourcecode.c.h; path = CustomTransitionController.h; sourceTree = "<group>"; };
		4F455F022C2038D200CDE688 /* CustomTransitionController.mm */ = {isa = PBXFileReference; lastKnownFileType = sourcecode.cpp.objcpp; path = CustomTransitionController.mm; sourceTree = "<group>"; };
		4F455F182C27EBE400CDE688 /* JitterAnimationViewController.h */ = {isa = PBXFileReference; lastKnownFileType = sourcecode.c.h; path = JitterAnimationViewController.h; sourceTree = "<group>"; };
		4F455F192C27EBE400CDE688 /* JitterAnimationViewController.mm */ = {isa = PBXFileReference; lastKnownFileType = sourcecode.cpp.objcpp; path = JitterAnimationViewController.mm; sourceTree = "<group>"; };
		4F455F1C2C280C4A00CDE688 /* TabBar2Controller.h */ = {isa = PBXFileReference; lastKnownFileType = sourcecode.c.h; path = TabBar2Controller.h; sourceTree = "<group>"; };
		4F455F1D2C280C4A00CDE688 /* TabBar2Controller.m */ = {isa = PBXFileReference; lastKnownFileType = sourcecode.c.objc; path = TabBar2Controller.m; sourceTree = "<group>"; };
		4F455F202C281AAC00CDE688 /* UpdateLinkViewController.h */ = {isa = PBXFileReference; lastKnownFileType = sourcecode.c.h; path = UpdateLinkViewController.h; sourceTree = "<group>"; };
		4F455F212C281AAC00CDE688 /* UpdateLinkViewController.mm */ = {isa = PBXFileReference; lastKnownFileType = sourcecode.cpp.objcpp; path = UpdateLinkViewController.mm; sourceTree = "<group>"; };
		4F46CFCA2C282AF5005AC6AF /* ProminenceViewController.h */ = {isa = PBXFileReference; lastKnownFileType = sourcecode.c.h; path = ProminenceViewController.h; sourceTree = "<group>"; };
		4F46CFCB2C282AF5005AC6AF /* ProminenceViewController.mm */ = {isa = PBXFileReference; lastKnownFileType = sourcecode.cpp.objcpp; path = ProminenceViewController.mm; sourceTree = "<group>"; };
		4F46CFCE2C282D9A005AC6AF /* FontPickerPresenterViewController.h */ = {isa = PBXFileReference; lastKnownFileType = sourcecode.c.h; path = FontPickerPresenterViewController.h; sourceTree = "<group>"; };
		4F46CFCF2C282D9A005AC6AF /* FontPickerPresenterViewController.mm */ = {isa = PBXFileReference; lastKnownFileType = sourcecode.cpp.objcpp; path = FontPickerPresenterViewController.mm; sourceTree = "<group>"; };
		4F4903752D03554E0017A47D /* MarqueeLabelViewController.h */ = {isa = PBXFileReference; lastKnownFileType = sourcecode.c.h; path = MarqueeLabelViewController.h; sourceTree = "<group>"; };
		4F4903762D03554E0017A47D /* MarqueeLabelViewController.mm */ = {isa = PBXFileReference; lastKnownFileType = sourcecode.cpp.objcpp; path = MarqueeLabelViewController.mm; sourceTree = "<group>"; };
		4F5056522C5938F400B49BB9 /* SafariServices.framework */ = {isa = PBXFileReference; lastKnownFileType = wrapper.framework; name = SafariServices.framework; path = Platforms/MacOSX.platform/Developer/SDKs/MacOSX15.0.sdk/System/iOSSupport/System/Library/Frameworks/SafariServices.framework; sourceTree = DEVELOPER_DIR; };
		4F5068AC2C3D98F800293E81 /* LegacyTabBarController.h */ = {isa = PBXFileReference; lastKnownFileType = sourcecode.c.h; path = LegacyTabBarController.h; sourceTree = "<group>"; };
		4F5068AD2C3D98F800293E81 /* LegacyTabBarController.mm */ = {isa = PBXFileReference; lastKnownFileType = sourcecode.cpp.objcpp; path = LegacyTabBarController.mm; sourceTree = "<group>"; };
		4F5068B02C3D9D8800293E81 /* LegacyTabBar2Controller.h */ = {isa = PBXFileReference; lastKnownFileType = sourcecode.c.h; path = LegacyTabBar2Controller.h; sourceTree = "<group>"; };
		4F5068B12C3D9D8800293E81 /* LegacyTabBar2Controller.mm */ = {isa = PBXFileReference; lastKnownFileType = sourcecode.cpp.objcpp; path = LegacyTabBar2Controller.mm; sourceTree = "<group>"; };
		4F59DEA32CFFF53500E88830 /* MiscellaneousUIKit-Private.entitlements */ = {isa = PBXFileReference; lastKnownFileType = text.plist.entitlements; path = "MiscellaneousUIKit-Private.entitlements"; sourceTree = "<group>"; };
		4F59DEE52CFFF56100E88830 /* MiscellaneousUIKit Private Entitlements.app */ = {isa = PBXFileReference; explicitFileType = wrapper.application; includeInIndex = 0; path = "MiscellaneousUIKit Private Entitlements.app"; sourceTree = BUILT_PRODUCTS_DIR; };
		4F59DEE62CFFF56200E88830 /* MiscellaneousUIKit copy-Info.plist */ = {isa = PBXFileReference; lastKnownFileType = text.plist.xml; name = "MiscellaneousUIKit copy-Info.plist"; path = "/Users/pookjw/git/MiscellaneousWWDC24/MiscellaneousUIKit/MiscellaneousUIKit copy-Info.plist"; sourceTree = "<absolute>"; };
		4F59DEE82CFFF6A900E88830 /* ApplicationCategoryViewController.h */ = {isa = PBXFileReference; lastKnownFileType = sourcecode.c.h; path = ApplicationCategoryViewController.h; sourceTree = "<group>"; };
		4F59DEE92CFFF6A900E88830 /* ApplicationCategoryViewController.mm */ = {isa = PBXFileReference; lastKnownFileType = sourcecode.cpp.objcpp; path = ApplicationCategoryViewController.mm; sourceTree = "<group>"; };
		4F59DEED2CFFFA7B00E88830 /* NewWritingToolsViewController.h */ = {isa = PBXFileReference; lastKnownFileType = sourcecode.c.h; path = NewWritingToolsViewController.h; sourceTree = "<group>"; };
		4F59DEEE2CFFFA7B00E88830 /* NewWritingToolsViewController.mm */ = {isa = PBXFileReference; lastKnownFileType = sourcecode.cpp.objcpp; path = NewWritingToolsViewController.mm; sourceTree = "<group>"; };
		4F5D11C32C58AD5A000C12C3 /* WritingToolsViewController.h */ = {isa = PBXFileReference; lastKnownFileType = sourcecode.c.h; path = WritingToolsViewController.h; sourceTree = "<group>"; };
		4F5D11C42C58AD5A000C12C3 /* WritingToolsViewController.mm */ = {isa = PBXFileReference; lastKnownFileType = sourcecode.cpp.objcpp; path = WritingToolsViewController.mm; sourceTree = "<group>"; };
		4F5FE5F52C5A0AE70044345D /* article.txt */ = {isa = PBXFileReference; lastKnownFileType = text; path = article.txt; sourceTree = "<group>"; };
		4F7941CE2C7896760031F456 /* ProKeyboardViewController.h */ = {isa = PBXFileReference; lastKnownFileType = sourcecode.c.h; path = ProKeyboardViewController.h; sourceTree = "<group>"; };
		4F7941CF2C7896760031F456 /* ProKeyboardViewController.mm */ = {isa = PBXFileReference; lastKnownFileType = sourcecode.cpp.objcpp; path = ProKeyboardViewController.mm; sourceTree = "<group>"; };
		4F7941D22C7897D50031F456 /* FloatingKeyboardViewController.h */ = {isa = PBXFileReference; lastKnownFileType = sourcecode.c.h; path = FloatingKeyboardViewController.h; sourceTree = "<group>"; };
		4F7941D32C7897D50031F456 /* FloatingKeyboardViewController.mm */ = {isa = PBXFileReference; lastKnownFileType = sourcecode.cpp.objcpp; path = FloatingKeyboardViewController.mm; sourceTree = "<group>"; };
		4F7941D62C7898470031F456 /* SplitKeyboardViewController.h */ = {isa = PBXFileReference; lastKnownFileType = sourcecode.c.h; path = SplitKeyboardViewController.h; sourceTree = "<group>"; };
		4F7941D72C7898470031F456 /* SplitKeyboardViewController.mm */ = {isa = PBXFileReference; lastKnownFileType = sourcecode.cpp.objcpp; path = SplitKeyboardViewController.mm; sourceTree = "<group>"; };
		4F7BC13A2C3C43B900419197 /* MyNavigationItemViewController.h */ = {isa = PBXFileReference; lastKnownFileType = sourcecode.c.h; path = MyNavigationItemViewController.h; sourceTree = "<group>"; };
		4F7BC13B2C3C43B900419197 /* MyNavigationItemViewController.mm */ = {isa = PBXFileReference; lastKnownFileType = sourcecode.cpp.objcpp; path = MyNavigationItemViewController.mm; sourceTree = "<group>"; };
		4F83911A2CCCFEAE0005B8AC /* CustomViewMenuElementDynamicHeightViewController.h */ = {isa = PBXFileReference; lastKnownFileType = sourcecode.c.h; path = CustomViewMenuElementDynamicHeightViewController.h; sourceTree = "<group>"; };
		4F83911B2CCCFEAE0005B8AC /* CustomViewMenuElementDynamicHeightViewController.mm */ = {isa = PBXFileReference; lastKnownFileType = sourcecode.cpp.objcpp; path = CustomViewMenuElementDynamicHeightViewController.mm; sourceTree = "<group>"; };
		4F8BD38B2C22E11F0031535F /* CustomDismissInteractiveTransitioning.h */ = {isa = PBXFileReference; lastKnownFileType = sourcecode.c.h; path = CustomDismissInteractiveTransitioning.h; sourceTree = "<group>"; };
		4F8BD38C2C22E11F0031535F /* CustomDismissInteractiveTransitioning.mm */ = {isa = PBXFileReference; lastKnownFileType = sourcecode.cpp.objcpp; path = CustomDismissInteractiveTransitioning.mm; sourceTree = "<group>"; };
		4F8BD38E2C22E1520031535F /* CustomDismissCustomInteraction.h */ = {isa = PBXFileReference; lastKnownFileType = sourcecode.c.h; path = CustomDismissCustomInteraction.h; sourceTree = "<group>"; };
		4F8BD38F2C22E1520031535F /* CustomDismissCustomInteraction.mm */ = {isa = PBXFileReference; lastKnownFileType = sourcecode.cpp.objcpp; path = CustomDismissCustomInteraction.mm; sourceTree = "<group>"; };
		4F8BD3932C22E2B70031535F /* CustomDimissInteractable.h */ = {isa = PBXFileReference; lastKnownFileType = sourcecode.c.h; path = CustomDimissInteractable.h; sourceTree = "<group>"; };
		4F9C08B12C3E2B5F009897D6 /* TabBarAppearanceViewController.h */ = {isa = PBXFileReference; lastKnownFileType = sourcecode.c.h; path = TabBarAppearanceViewController.h; sourceTree = "<group>"; };
		4F9C08B22C3E2B5F009897D6 /* TabBarAppearanceViewController.mm */ = {isa = PBXFileReference; lastKnownFileType = sourcecode.cpp.objcpp; path = TabBarAppearanceViewController.mm; sourceTree = "<group>"; };
		4F9C08D22C3E5574009897D6 /* ToolbarAppearanceViewController.h */ = {isa = PBXFileReference; lastKnownFileType = sourcecode.c.h; path = ToolbarAppearanceViewController.h; sourceTree = "<group>"; };
		4F9C08D32C3E5574009897D6 /* ToolbarAppearanceViewController.mm */ = {isa = PBXFileReference; lastKnownFileType = sourcecode.cpp.objcpp; path = ToolbarAppearanceViewController.mm; sourceTree = "<group>"; };
		4FA8EEE72C1C012A00B1358A /* TextViewController.h */ = {isa = PBXFileReference; lastKnownFileType = sourcecode.c.h; path = TextViewController.h; sourceTree = "<group>"; };
		4FA8EEE82C1C012A00B1358A /* TextViewController.mm */ = {isa = PBXFileReference; lastKnownFileType = sourcecode.cpp.objcpp; path = TextViewController.mm; sourceTree = "<group>"; };
		4FA8EEEC2C1CD3B000B1358A /* image.heic */ = {isa = PBXFileReference; lastKnownFileType = file; path = image.heic; sourceTree = "<group>"; };
		4FA8EEEF2C1CDBCA00B1358A /* FromTransitionViewController.h */ = {isa = PBXFileReference; lastKnownFileType = sourcecode.c.h; path = FromTransitionViewController.h; sourceTree = "<group>"; };
		4FA8EEF02C1CDBCA00B1358A /* FromTransitionViewController.mm */ = {isa = PBXFileReference; lastKnownFileType = sourcecode.cpp.objcpp; path = FromTransitionViewController.mm; sourceTree = "<group>"; };
		4FA8EEF22C1CDBD700B1358A /* ToTransitionViewController.h */ = {isa = PBXFileReference; lastKnownFileType = sourcecode.c.h; path = ToTransitionViewController.h; sourceTree = "<group>"; };
		4FA8EEF32C1CDBD700B1358A /* ToTransitionViewController.mm */ = {isa = PBXFileReference; lastKnownFileType = sourcecode.cpp.objcpp; path = ToTransitionViewController.mm; sourceTree = "<group>"; };
		4FA8EEF52C1CE0E200B1358A /* CustomViewControllerTransition.h */ = {isa = PBXFileReference; lastKnownFileType = sourcecode.c.h; path = CustomViewControllerTransition.h; sourceTree = "<group>"; };
		4FA8EEF62C1CE0E200B1358A /* CustomViewControllerTransition.mm */ = {isa = PBXFileReference; lastKnownFileType = sourcecode.cpp.objcpp; path = CustomViewControllerTransition.mm; sourceTree = "<group>"; };
		4FA8EEF82C1CE98100B1358A /* NSObject+Foundation_IvarDescription.h */ = {isa = PBXFileReference; lastKnownFileType = sourcecode.c.h; path = "NSObject+Foundation_IvarDescription.h"; sourceTree = "<group>"; };
		4FA8EEF92C1CE98100B1358A /* NSObject+Foundation_IvarDescription.mm */ = {isa = PBXFileReference; lastKnownFileType = sourcecode.cpp.objcpp; path = "NSObject+Foundation_IvarDescription.mm"; sourceTree = "<group>"; };
		4FAD98792C217CF400A5C513 /* CustomDismissPercentageInteraction.h */ = {isa = PBXFileReference; lastKnownFileType = sourcecode.c.h; path = CustomDismissPercentageInteraction.h; sourceTree = "<group>"; };
		4FAD987A2C217CF400A5C513 /* CustomDismissPercentageInteraction.mm */ = {isa = PBXFileReference; lastKnownFileType = sourcecode.cpp.objcpp; path = CustomDismissPercentageInteraction.mm; sourceTree = "<group>"; };
		4FB9FC402C58C2D6006B3245 /* NewLinkTextViewController.h */ = {isa = PBXFileReference; lastKnownFileType = sourcecode.c.h; path = NewLinkTextViewController.h; sourceTree = "<group>"; };
		4FB9FC412C58C2D6006B3245 /* NewLinkTextViewController.mm */ = {isa = PBXFileReference; lastKnownFileType = sourcecode.cpp.objcpp; path = NewLinkTextViewController.mm; sourceTree = "<group>"; };
		4FB9FC442C58C4E5006B3245 /* OldLinkTextViewController.h */ = {isa = PBXFileReference; lastKnownFileType = sourcecode.c.h; path = OldLinkTextViewController.h; sourceTree = "<group>"; };
		4FB9FC452C58C4E5006B3245 /* OldLinkTextViewController.mm */ = {isa = PBXFileReference; lastKnownFileType = sourcecode.cpp.objcpp; path = OldLinkTextViewController.mm; sourceTree = "<group>"; };
		4FBEC51C2C3C568C008A2F17 /* SymbolEffectsViewController.h */ = {isa = PBXFileReference; lastKnownFileType = sourcecode.c.h; path = SymbolEffectsViewController.h; sourceTree = "<group>"; };
		4FBEC51D2C3C568C008A2F17 /* SymbolEffectsViewController.mm */ = {isa = PBXFileReference; lastKnownFileType = sourcecode.cpp.objcpp; path = SymbolEffectsViewController.mm; sourceTree = "<group>"; };
		4FD54C882D00854E002CE52C /* beer.jpg */ = {isa = PBXFileReference; lastKnownFileType = image.jpeg; path = beer.jpg; sourceTree = "<group>"; };
		4FD54E8E2D00BB78002CE52C /* LabelWritingToolsViewController.h */ = {isa = PBXFileReference; lastKnownFileType = sourcecode.c.h; path = LabelWritingToolsViewController.h; sourceTree = "<group>"; };
		4FD54E8F2D00BB78002CE52C /* LabelWritingToolsViewController.mm */ = {isa = PBXFileReference; lastKnownFileType = sourcecode.cpp.objcpp; path = LabelWritingToolsViewController.mm; sourceTree = "<group>"; };
		4FDABC672C3D35DE00F928DB /* SymbolTransitionsViewController.h */ = {isa = PBXFileReference; lastKnownFileType = sourcecode.c.h; path = SymbolTransitionsViewController.h; sourceTree = "<group>"; };
		4FDABC682C3D35DE00F928DB /* SymbolTransitionsViewController.mm */ = {isa = PBXFileReference; lastKnownFileType = sourcecode.cpp.objcpp; path = SymbolTransitionsViewController.mm; sourceTree = "<group>"; };
		4FDABC6A2C3D3C5600F928DB /* MiscellaneousUIKit.entitlements */ = {isa = PBXFileReference; lastKnownFileType = text.plist.entitlements; path = MiscellaneousUIKit.entitlements; sourceTree = "<group>"; };
/* End PBXFileReference section */

/* Begin PBXFrameworksBuildPhase section */
		4F082E412C188D6C002263ED /* Frameworks */ = {
			isa = PBXFrameworksBuildPhase;
			buildActionMask = 2147483647;
			files = (
				4F5056532C5938F400B49BB9 /* SafariServices.framework in Frameworks */,
				4F082E9C2C1B4505002263ED /* UniformTypeIdentifiers.framework in Frameworks */,
			);
			runOnlyForDeploymentPostprocessing = 0;
		};
		4F59DEDA2CFFF56100E88830 /* Frameworks */ = {
			isa = PBXFrameworksBuildPhase;
			buildActionMask = 2147483647;
			files = (
				4F59DEDB2CFFF56100E88830 /* SafariServices.framework in Frameworks */,
				4F59DEDC2CFFF56100E88830 /* UniformTypeIdentifiers.framework in Frameworks */,
			);
			runOnlyForDeploymentPostprocessing = 0;
		};
/* End PBXFrameworksBuildPhase section */

/* Begin PBXGroup section */
		4F082E3B2C188D6C002263ED = {
			isa = PBXGroup;
			children = (
				4F082E462C188D6C002263ED /* MiscellaneousUIKit */,
				4F082E452C188D6C002263ED /* Products */,
				4F082E9A2C1B4504002263ED /* Frameworks */,
				4F59DEE62CFFF56200E88830 /* MiscellaneousUIKit copy-Info.plist */,
			);
			sourceTree = "<group>";
		};
		4F082E452C188D6C002263ED /* Products */ = {
			isa = PBXGroup;
			children = (
				4F082E442C188D6C002263ED /* MiscellaneousUIKit.app */,
				4F59DEE52CFFF56100E88830 /* MiscellaneousUIKit Private Entitlements.app */,
			);
			name = Products;
			sourceTree = "<group>";
		};
		4F082E462C188D6C002263ED /* MiscellaneousUIKit */ = {
			isa = PBXGroup;
			children = (
				4FDABC6A2C3D3C5600F928DB /* MiscellaneousUIKit.entitlements */,
				4F59DEA32CFFF53500E88830 /* MiscellaneousUIKit-Private.entitlements */,
				4FD54C882D00854E002CE52C /* beer.jpg */,
				4FA8EEEC2C1CD3B000B1358A /* image.heic */,
				4FA8EEF82C1CE98100B1358A /* NSObject+Foundation_IvarDescription.h */,
				4FA8EEF92C1CE98100B1358A /* NSObject+Foundation_IvarDescription.mm */,
				4F082E472C188D6C002263ED /* AppDelegate.h */,
				4F082E482C188D6C002263ED /* AppDelegate.m */,
				4F082E4A2C188D6C002263ED /* SceneDelegate.h */,
				4F082E4B2C188D6C002263ED /* SceneDelegate.m */,
				4F082E602C188E34002263ED /* MainCollectionViewController.h */,
				4F082E612C188E34002263ED /* MainCollectionViewController.mm */,
				4F082E632C18906E002263ED /* Classes */,
				4F082E532C188D6D002263ED /* Assets.xcassets */,
				4F082E552C188D6D002263ED /* LaunchScreen.storyboard */,
				4F5FE5F52C5A0AE70044345D /* article.txt */,
				4F082E582C188D6D002263ED /* Info.plist */,
				4F082E592C188D6D002263ED /* main.m */,
			);
			path = MiscellaneousUIKit;
			sourceTree = "<group>";
		};
		4F082E632C18906E002263ED /* Classes */ = {
			isa = PBXGroup;
			children = (
				4F082E6D2C189EF6002263ED /* ListEnvironment */,
				4F082E712C18E23B002263ED /* SceneActivation */,
				4F082E782C18FD03002263ED /* CustomDocument */,
				4F082E962C1A617C002263ED /* SystemBackground */,
				4F082EA52C1B53BE002263ED /* ContentHuggingElements */,
				4F082EA92C1B59AD002263ED /* Calendar */,
				4FA8EEE62C1C010F00B1358A /* TextView */,
				4FA8EEEE2C1CDBAD00B1358A /* Transition */,
				4F1F02252C23CD54004F7EFF /* TabBar */,
				4F455F1B2C280C3900CDE688 /* TabBar2 */,
				4F455F172C27EBCA00CDE688 /* JitterAnimation */,
				4F455F1F2C281A8E00CDE688 /* UpdateLink */,
				4F46CFC92C282AD6005AC6AF /* Prominence */,
				4F46CFCD2C282D7C005AC6AF /* FontPickerPresenter */,
				4F7BC1392C3C439700419197 /* MyNavigationItem */,
				4FBEC51B2C3C5672008A2F17 /* SymbolEffects */,
				4FDABC662C3D35C000F928DB /* SymbolTransitions */,
				4F5068AB2C3D98DA00293E81 /* LegacyTabBar */,
				4F5068AF2C3D9D7400293E81 /* LegacyTabBar2 */,
				4F9C08B02C3E2B3A009897D6 /* TabBarAppearance */,
				4F9C08D12C3E555C009897D6 /* ToolbarAppearance */,
				4F246BC42C3E85BA00244583 /* LargeContent */,
				4F18718F2C4029A9002E7DFC /* CircleProgress */,
				4F0CBAA42C43D3FA00743DE2 /* MySearch */,
				4F0CBAA62C44047800743DE2 /* InputAssistantItem */,
				4F3AFC9E2C57F63400F810CF /* PointerInteraction */,
				4FB9FC3B2C58C244006B3245 /* NewLinkText */,
				4FB9FC432C58C4D5006B3245 /* OldLinkText */,
				4F5D11C62C58AD5E000C12C3 /* WritingTools */,
				4F7941CD2C7896510031F456 /* ProKeyboard */,
				4F7941D12C7897B80031F456 /* FloatingKeyboard */,
				4F7941D52C78982B0031F456 /* SplitKeyboard */,
				4F3DD6992C9BDCBF006F6F49 /* Baseline */,
				4F3DD6A02C9BE523006F6F49 /* CustomBaseline */,
				4F8391192CCCFE8F0005B8AC /* CustomViewMenuElementDynamicHeight */,
				4F59DEE72CFFF5DE00E88830 /* ApplicationCategory */,
				4F59DEEC2CFFFA6800E88830 /* NewWritingTools */,
				4FD54E8D2D00BB63002CE52C /* LabelWritingTools */,
				4F4903742D03553B0017A47D /* MarqueeLabel */,
			);
			path = Classes;
			sourceTree = "<group>";
		};
		4F082E6D2C189EF6002263ED /* ListEnvironment */ = {
			isa = PBXGroup;
			children = (
				4F082E6A2C189EF0002263ED /* ListEnvironmentCollectionViewController.h */,
				4F082E6B2C189EF0002263ED /* ListEnvironmentCollectionViewController.mm */,
				4F082E6E2C18A045002263ED /* ListEnvironmentContentConfiguration.h */,
				4F082E6F2C18A045002263ED /* ListEnvironmentContentConfiguration.mm */,
			);
			path = ListEnvironment;
			sourceTree = "<group>";
		};
		4F082E712C18E23B002263ED /* SceneActivation */ = {
			isa = PBXGroup;
			children = (
				4F082E722C18E269002263ED /* SceneActivationViewController.h */,
				4F082E732C18E269002263ED /* SceneActivationViewController.mm */,
				4F082E752C18E349002263ED /* OrangeSceneDelegate.h */,
				4F082E762C18E349002263ED /* OrangeSceneDelegate.m */,
			);
			path = SceneActivation;
			sourceTree = "<group>";
		};
		4F082E782C18FD03002263ED /* CustomDocument */ = {
			isa = PBXGroup;
			children = (
				4F082E792C18FD18002263ED /* CustomDocumentViewController.h */,
				4F082E7A2C18FD18002263ED /* CustomDocumentViewController.mm */,
				4F082E9D2C1B4831002263ED /* CustomDocument.h */,
				4F082E9E2C1B4831002263ED /* CustomDocument.mm */,
			);
			path = CustomDocument;
			sourceTree = "<group>";
		};
		4F082E962C1A617C002263ED /* SystemBackground */ = {
			isa = PBXGroup;
			children = (
				4F082E972C1A6194002263ED /* SystemBackgroundViewController.h */,
				4F082E982C1A6194002263ED /* SystemBackgroundViewController.m */,
			);
			path = SystemBackground;
			sourceTree = "<group>";
		};
		4F082E9A2C1B4504002263ED /* Frameworks */ = {
			isa = PBXGroup;
			children = (
				4F5056522C5938F400B49BB9 /* SafariServices.framework */,
				4F082E9B2C1B4505002263ED /* UniformTypeIdentifiers.framework */,
			);
			name = Frameworks;
			sourceTree = "<group>";
		};
		4F082EA52C1B53BE002263ED /* ContentHuggingElements */ = {
			isa = PBXGroup;
			children = (
				4F082EA62C1B53C8002263ED /* ContentHuggingElementsViewController.h */,
				4F082EA72C1B53C8002263ED /* ContentHuggingElementsViewController.mm */,
			);
			path = ContentHuggingElements;
			sourceTree = "<group>";
		};
		4F082EA92C1B59AD002263ED /* Calendar */ = {
			isa = PBXGroup;
			children = (
				4F082EAA2C1B59C1002263ED /* CalendarViewController.h */,
				4F082EAB2C1B59C1002263ED /* CalendarViewController.mm */,
			);
			path = Calendar;
			sourceTree = "<group>";
		};
		4F0CBAA42C43D3FA00743DE2 /* MySearch */ = {
			isa = PBXGroup;
			children = (
				4F0CBAA22C43D3FA00743DE2 /* MySearchViewController.h */,
				4F0CBAA32C43D3FA00743DE2 /* MySearchViewController.mm */,
			);
			path = MySearch;
			sourceTree = "<group>";
		};
		4F0CBAA62C44047800743DE2 /* InputAssistantItem */ = {
			isa = PBXGroup;
			children = (
				4F0CBAA72C44048D00743DE2 /* InputAssistantItemViewController.h */,
				4F0CBAA82C44048D00743DE2 /* InputAssistantItemViewController.mm */,
			);
			path = InputAssistantItem;
			sourceTree = "<group>";
		};
		4F18718F2C4029A9002E7DFC /* CircleProgress */ = {
			isa = PBXGroup;
			children = (
				4F1871922C4029CB002E7DFC /* CircleProgressViewController.h */,
				4F1871932C4029CB002E7DFC /* CircleProgressViewController.mm */,
			);
			path = CircleProgress;
			sourceTree = "<group>";
		};
		4F1F02252C23CD54004F7EFF /* TabBar */ = {
			isa = PBXGroup;
			children = (
				4F1F02262C23CD6C004F7EFF /* TabBarController.h */,
				4F1F02272C23CD6C004F7EFF /* TabBarController.mm */,
				4F1F02292C23CE25004F7EFF /* PinkViewController.h */,
				4F1F022A2C23CE25004F7EFF /* PinkViewController.m */,
				4F1F022C2C23CE3A004F7EFF /* CyanViewController.h */,
				4F1F022D2C23CE3A004F7EFF /* CyanViewController.m */,
				4F1F022F2C23CE4F004F7EFF /* OrangeViewController.h */,
				4F1F02302C23CE4F004F7EFF /* OrangeViewController.m */,
			);
			path = TabBar;
			sourceTree = "<group>";
		};
		4F246BC42C3E85BA00244583 /* LargeContent */ = {
			isa = PBXGroup;
			children = (
				4F246BC52C3E85CA00244583 /* LargeContentViewController.h */,
				4F246BC62C3E85CA00244583 /* LargeContentViewController.mm */,
			);
			path = LargeContent;
			sourceTree = "<group>";
		};
		4F3AFC9E2C57F63400F810CF /* PointerInteraction */ = {
			isa = PBXGroup;
			children = (
				4F3AFC9F2C57F64E00F810CF /* PointerInteractionViewController.h */,
				4F3AFCA02C57F64E00F810CF /* PointerInteractionViewController.mm */,
			);
			path = PointerInteraction;
			sourceTree = "<group>";
		};
		4F3DD6992C9BDCBF006F6F49 /* Baseline */ = {
			isa = PBXGroup;
			children = (
				4F3DD69A2C9BDCF6006F6F49 /* BaselineViewController.h */,
				4F3DD69B2C9BDCF6006F6F49 /* BaselineViewController.mm */,
			);
			path = Baseline;
			sourceTree = "<group>";
		};
		4F3DD6A02C9BE523006F6F49 /* CustomBaseline */ = {
			isa = PBXGroup;
			children = (
				4F3DD6A12C9BE537006F6F49 /* CustomBaselineViewController.h */,
				4F3DD6A22C9BE537006F6F49 /* CustomBaselineViewController.mm */,
			);
			path = CustomBaseline;
			sourceTree = "<group>";
		};
		4F455F172C27EBCA00CDE688 /* JitterAnimation */ = {
			isa = PBXGroup;
			children = (
				4F455F182C27EBE400CDE688 /* JitterAnimationViewController.h */,
				4F455F192C27EBE400CDE688 /* JitterAnimationViewController.mm */,
			);
			path = JitterAnimation;
			sourceTree = "<group>";
		};
		4F455F1B2C280C3900CDE688 /* TabBar2 */ = {
			isa = PBXGroup;
			children = (
				4F455F1C2C280C4A00CDE688 /* TabBar2Controller.h */,
				4F455F1D2C280C4A00CDE688 /* TabBar2Controller.m */,
			);
			path = TabBar2;
			sourceTree = "<group>";
		};
		4F455F1F2C281A8E00CDE688 /* UpdateLink */ = {
			isa = PBXGroup;
			children = (
				4F455F202C281AAC00CDE688 /* UpdateLinkViewController.h */,
				4F455F212C281AAC00CDE688 /* UpdateLinkViewController.mm */,
			);
			path = UpdateLink;
			sourceTree = "<group>";
		};
		4F46CFC92C282AD6005AC6AF /* Prominence */ = {
			isa = PBXGroup;
			children = (
				4F46CFCA2C282AF5005AC6AF /* ProminenceViewController.h */,
				4F46CFCB2C282AF5005AC6AF /* ProminenceViewController.mm */,
			);
			path = Prominence;
			sourceTree = "<group>";
		};
		4F46CFCD2C282D7C005AC6AF /* FontPickerPresenter */ = {
			isa = PBXGroup;
			children = (
				4F46CFCE2C282D9A005AC6AF /* FontPickerPresenterViewController.h */,
				4F46CFCF2C282D9A005AC6AF /* FontPickerPresenterViewController.mm */,
			);
			path = FontPickerPresenter;
			sourceTree = "<group>";
		};
		4F4903742D03553B0017A47D /* MarqueeLabel */ = {
			isa = PBXGroup;
			children = (
				4F4903752D03554E0017A47D /* MarqueeLabelViewController.h */,
				4F4903762D03554E0017A47D /* MarqueeLabelViewController.mm */,
			);
			path = MarqueeLabel;
			sourceTree = "<group>";
		};
		4F5068AB2C3D98DA00293E81 /* LegacyTabBar */ = {
			isa = PBXGroup;
			children = (
				4F5068AC2C3D98F800293E81 /* LegacyTabBarController.h */,
				4F5068AD2C3D98F800293E81 /* LegacyTabBarController.mm */,
			);
			path = LegacyTabBar;
			sourceTree = "<group>";
		};
		4F5068AF2C3D9D7400293E81 /* LegacyTabBar2 */ = {
			isa = PBXGroup;
			children = (
				4F5068B02C3D9D8800293E81 /* LegacyTabBar2Controller.h */,
				4F5068B12C3D9D8800293E81 /* LegacyTabBar2Controller.mm */,
			);
			path = LegacyTabBar2;
			sourceTree = "<group>";
		};
		4F59DEE72CFFF5DE00E88830 /* ApplicationCategory */ = {
			isa = PBXGroup;
			children = (
				4F59DEE82CFFF6A900E88830 /* ApplicationCategoryViewController.h */,
				4F59DEE92CFFF6A900E88830 /* ApplicationCategoryViewController.mm */,
			);
			path = ApplicationCategory;
			sourceTree = "<group>";
		};
		4F59DEEC2CFFFA6800E88830 /* NewWritingTools */ = {
			isa = PBXGroup;
			children = (
				4F59DEED2CFFFA7B00E88830 /* NewWritingToolsViewController.h */,
				4F59DEEE2CFFFA7B00E88830 /* NewWritingToolsViewController.mm */,
			);
			path = NewWritingTools;
			sourceTree = "<group>";
		};
		4F5D11C62C58AD5E000C12C3 /* WritingTools */ = {
			isa = PBXGroup;
			children = (
				4F5D11C32C58AD5A000C12C3 /* WritingToolsViewController.h */,
				4F5D11C42C58AD5A000C12C3 /* WritingToolsViewController.mm */,
			);
			path = WritingTools;
			sourceTree = "<group>";
		};
		4F7941CD2C7896510031F456 /* ProKeyboard */ = {
			isa = PBXGroup;
			children = (
				4F7941CE2C7896760031F456 /* ProKeyboardViewController.h */,
				4F7941CF2C7896760031F456 /* ProKeyboardViewController.mm */,
			);
			path = ProKeyboard;
			sourceTree = "<group>";
		};
		4F7941D12C7897B80031F456 /* FloatingKeyboard */ = {
			isa = PBXGroup;
			children = (
				4F7941D22C7897D50031F456 /* FloatingKeyboardViewController.h */,
				4F7941D32C7897D50031F456 /* FloatingKeyboardViewController.mm */,
			);
			path = FloatingKeyboard;
			sourceTree = "<group>";
		};
		4F7941D52C78982B0031F456 /* SplitKeyboard */ = {
			isa = PBXGroup;
			children = (
				4F7941D62C7898470031F456 /* SplitKeyboardViewController.h */,
				4F7941D72C7898470031F456 /* SplitKeyboardViewController.mm */,
			);
			path = SplitKeyboard;
			sourceTree = "<group>";
		};
		4F7BC1392C3C439700419197 /* MyNavigationItem */ = {
			isa = PBXGroup;
			children = (
				4F7BC13A2C3C43B900419197 /* MyNavigationItemViewController.h */,
				4F7BC13B2C3C43B900419197 /* MyNavigationItemViewController.mm */,
			);
			path = MyNavigationItem;
			sourceTree = "<group>";
		};
		4F8391192CCCFE8F0005B8AC /* CustomViewMenuElementDynamicHeight */ = {
			isa = PBXGroup;
			children = (
				4F83911A2CCCFEAE0005B8AC /* CustomViewMenuElementDynamicHeightViewController.h */,
				4F83911B2CCCFEAE0005B8AC /* CustomViewMenuElementDynamicHeightViewController.mm */,
			);
			path = CustomViewMenuElementDynamicHeight;
			sourceTree = "<group>";
		};
		4F8BD3912C22E1580031535F /* DismissPercentage */ = {
			isa = PBXGroup;
			children = (
				4FAD98792C217CF400A5C513 /* CustomDismissPercentageInteraction.h */,
				4FAD987A2C217CF400A5C513 /* CustomDismissPercentageInteraction.mm */,
			);
			path = DismissPercentage;
			sourceTree = "<group>";
		};
		4F8BD3922C22E1760031535F /* DismissCustom */ = {
			isa = PBXGroup;
			children = (
				4F8BD38B2C22E11F0031535F /* CustomDismissInteractiveTransitioning.h */,
				4F8BD38C2C22E11F0031535F /* CustomDismissInteractiveTransitioning.mm */,
				4F8BD38E2C22E1520031535F /* CustomDismissCustomInteraction.h */,
				4F8BD38F2C22E1520031535F /* CustomDismissCustomInteraction.mm */,
			);
			path = DismissCustom;
			sourceTree = "<group>";
		};
		4F9C08B02C3E2B3A009897D6 /* TabBarAppearance */ = {
			isa = PBXGroup;
			children = (
				4F9C08B12C3E2B5F009897D6 /* TabBarAppearanceViewController.h */,
				4F9C08B22C3E2B5F009897D6 /* TabBarAppearanceViewController.mm */,
			);
			path = TabBarAppearance;
			sourceTree = "<group>";
		};
		4F9C08D12C3E555C009897D6 /* ToolbarAppearance */ = {
			isa = PBXGroup;
			children = (
				4F9C08D22C3E5574009897D6 /* ToolbarAppearanceViewController.h */,
				4F9C08D32C3E5574009897D6 /* ToolbarAppearanceViewController.mm */,
			);
			path = ToolbarAppearance;
			sourceTree = "<group>";
		};
		4FA8EEE62C1C010F00B1358A /* TextView */ = {
			isa = PBXGroup;
			children = (
				4FA8EEE72C1C012A00B1358A /* TextViewController.h */,
				4FA8EEE82C1C012A00B1358A /* TextViewController.mm */,
			);
			path = TextView;
			sourceTree = "<group>";
		};
		4FA8EEEE2C1CDBAD00B1358A /* Transition */ = {
			isa = PBXGroup;
			children = (
				4FA8EEEF2C1CDBCA00B1358A /* FromTransitionViewController.h */,
				4FA8EEF02C1CDBCA00B1358A /* FromTransitionViewController.mm */,
				4FA8EEF22C1CDBD700B1358A /* ToTransitionViewController.h */,
				4FA8EEF32C1CDBD700B1358A /* ToTransitionViewController.mm */,
				4FA8EEF52C1CE0E200B1358A /* CustomViewControllerTransition.h */,
				4FA8EEF62C1CE0E200B1358A /* CustomViewControllerTransition.mm */,
				4F455F012C2038D200CDE688 /* CustomTransitionController.h */,
				4F455F022C2038D200CDE688 /* CustomTransitionController.mm */,
				4F8BD3932C22E2B70031535F /* CustomDimissInteractable.h */,
				4F8BD3922C22E1760031535F /* DismissCustom */,
				4F8BD3912C22E1580031535F /* DismissPercentage */,
			);
			path = Transition;
			sourceTree = "<group>";
		};
		4FB9FC3B2C58C244006B3245 /* NewLinkText */ = {
			isa = PBXGroup;
			children = (
				4FB9FC402C58C2D6006B3245 /* NewLinkTextViewController.h */,
				4FB9FC412C58C2D6006B3245 /* NewLinkTextViewController.mm */,
			);
			path = NewLinkText;
			sourceTree = "<group>";
		};
		4FB9FC432C58C4D5006B3245 /* OldLinkText */ = {
			isa = PBXGroup;
			children = (
				4FB9FC442C58C4E5006B3245 /* OldLinkTextViewController.h */,
				4FB9FC452C58C4E5006B3245 /* OldLinkTextViewController.mm */,
			);
			path = OldLinkText;
			sourceTree = "<group>";
		};
		4FBEC51B2C3C5672008A2F17 /* SymbolEffects */ = {
			isa = PBXGroup;
			children = (
				4FBEC51C2C3C568C008A2F17 /* SymbolEffectsViewController.h */,
				4FBEC51D2C3C568C008A2F17 /* SymbolEffectsViewController.mm */,
			);
			path = SymbolEffects;
			sourceTree = "<group>";
		};
		4FD54E8D2D00BB63002CE52C /* LabelWritingTools */ = {
			isa = PBXGroup;
			children = (
				4FD54E8E2D00BB78002CE52C /* LabelWritingToolsViewController.h */,
				4FD54E8F2D00BB78002CE52C /* LabelWritingToolsViewController.mm */,
			);
			path = LabelWritingTools;
			sourceTree = "<group>";
		};
		4FDABC662C3D35C000F928DB /* SymbolTransitions */ = {
			isa = PBXGroup;
			children = (
				4FDABC672C3D35DE00F928DB /* SymbolTransitionsViewController.h */,
				4FDABC682C3D35DE00F928DB /* SymbolTransitionsViewController.mm */,
			);
			path = SymbolTransitions;
			sourceTree = "<group>";
		};
/* End PBXGroup section */

/* Begin PBXNativeTarget section */
		4F082E432C188D6C002263ED /* MiscellaneousUIKit */ = {
			isa = PBXNativeTarget;
			buildConfigurationList = 4F082E5D2C188D6D002263ED /* Build configuration list for PBXNativeTarget "MiscellaneousUIKit" */;
			buildPhases = (
				4F082E402C188D6C002263ED /* Sources */,
				4F082E412C188D6C002263ED /* Frameworks */,
				4F082E422C188D6C002263ED /* Resources */,
			);
			buildRules = (
			);
			dependencies = (
			);
			name = MiscellaneousUIKit;
			productName = MiscellaneousUIKit;
			productReference = 4F082E442C188D6C002263ED /* MiscellaneousUIKit.app */;
			productType = "com.apple.product-type.application";
		};
		4F59DEA42CFFF56100E88830 /* MiscellaneousUIKit Private Entitlements */ = {
			isa = PBXNativeTarget;
			buildConfigurationList = 4F59DEE22CFFF56100E88830 /* Build configuration list for PBXNativeTarget "MiscellaneousUIKit Private Entitlements" */;
			buildPhases = (
				4F59DEA52CFFF56100E88830 /* Sources */,
				4F59DEDA2CFFF56100E88830 /* Frameworks */,
				4F59DEDD2CFFF56100E88830 /* Resources */,
			);
			buildRules = (
			);
			dependencies = (
			);
			name = "MiscellaneousUIKit Private Entitlements";
			productName = MiscellaneousUIKit;
			productReference = 4F59DEE52CFFF56100E88830 /* MiscellaneousUIKit Private Entitlements.app */;
			productType = "com.apple.product-type.application";
		};
/* End PBXNativeTarget section */

/* Begin PBXProject section */
		4F082E3C2C188D6C002263ED /* Project object */ = {
			isa = PBXProject;
			attributes = {
				BuildIndependentTargetsInParallel = 1;
				LastUpgradeCheck = 1600;
				TargetAttributes = {
					4F082E432C188D6C002263ED = {
						CreatedOnToolsVersion = 16.0;
						LastSwiftMigration = 1600;
					};
				};
			};
			buildConfigurationList = 4F082E3F2C188D6C002263ED /* Build configuration list for PBXProject "MiscellaneousUIKit" */;
			compatibilityVersion = "Xcode 15.0";
			developmentRegion = en;
			hasScannedForEncodings = 0;
			knownRegions = (
				en,
				Base,
			);
			mainGroup = 4F082E3B2C188D6C002263ED;
			productRefGroup = 4F082E452C188D6C002263ED /* Products */;
			projectDirPath = "";
			projectRoot = "";
			targets = (
				4F082E432C188D6C002263ED /* MiscellaneousUIKit */,
				4F59DEA42CFFF56100E88830 /* MiscellaneousUIKit Private Entitlements */,
			);
		};
/* End PBXProject section */

/* Begin PBXResourcesBuildPhase section */
		4F082E422C188D6C002263ED /* Resources */ = {
			isa = PBXResourcesBuildPhase;
			buildActionMask = 2147483647;
			files = (
				4F082E542C188D6D002263ED /* Assets.xcassets in Resources */,
				4FD54C892D00854E002CE52C /* beer.jpg in Resources */,
				4F5FE5F62C5A0B950044345D /* article.txt in Resources */,
				4F082E572C188D6D002263ED /* Base in Resources */,
				4FA8EEED2C1CD3B000B1358A /* image.heic in Resources */,
			);
			runOnlyForDeploymentPostprocessing = 0;
		};
		4F59DEDD2CFFF56100E88830 /* Resources */ = {
			isa = PBXResourcesBuildPhase;
			buildActionMask = 2147483647;
			files = (
				4F59DEDE2CFFF56100E88830 /* Assets.xcassets in Resources */,
				4FD54C8A2D00854E002CE52C /* beer.jpg in Resources */,
				4F59DEDF2CFFF56100E88830 /* article.txt in Resources */,
				4F59DEE02CFFF56100E88830 /* Base in Resources */,
				4F59DEE12CFFF56100E88830 /* image.heic in Resources */,
			);
			runOnlyForDeploymentPostprocessing = 0;
		};
/* End PBXResourcesBuildPhase section */

/* Begin PBXSourcesBuildPhase section */
		4F082E402C188D6C002263ED /* Sources */ = {
			isa = PBXSourcesBuildPhase;
			buildActionMask = 2147483647;
			files = (
				4F082E992C1A6194002263ED /* SystemBackgroundViewController.m in Sources */,
				4F246BC72C3E85CA00244583 /* LargeContentViewController.mm in Sources */,
				4F5068AE2C3D98F800293E81 /* LegacyTabBarController.mm in Sources */,
				4FA8EEFA2C1CE98100B1358A /* NSObject+Foundation_IvarDescription.mm in Sources */,
				4FB9FC462C58C4E5006B3245 /* OldLinkTextViewController.mm in Sources */,
				4F5068B22C3D9D8800293E81 /* LegacyTabBar2Controller.mm in Sources */,
				4F46CFCC2C282AF5005AC6AF /* ProminenceViewController.mm in Sources */,
				4FA8EEF72C1CE0E200B1358A /* CustomViewControllerTransition.mm in Sources */,
				4F5D11C52C58AD5A000C12C3 /* WritingToolsViewController.mm in Sources */,
				4F082EA82C1B53C8002263ED /* ContentHuggingElementsViewController.mm in Sources */,
				4FAD987B2C217CF400A5C513 /* CustomDismissPercentageInteraction.mm in Sources */,
				4F082E702C18A045002263ED /* ListEnvironmentContentConfiguration.mm in Sources */,
				4F1F02312C23CE4F004F7EFF /* OrangeViewController.m in Sources */,
				4F8BD3902C22E1520031535F /* CustomDismissCustomInteraction.mm in Sources */,
				4F082E772C18E349002263ED /* OrangeSceneDelegate.m in Sources */,
				4F0CBAA92C44048D00743DE2 /* InputAssistantItemViewController.mm in Sources */,
				4F8BD38D2C22E11F0031535F /* CustomDismissInteractiveTransitioning.mm in Sources */,
				4F9C08B32C3E2B5F009897D6 /* TabBarAppearanceViewController.mm in Sources */,
				4F59DEEA2CFFF6A900E88830 /* ApplicationCategoryViewController.mm in Sources */,
				4F1871942C4029CB002E7DFC /* CircleProgressViewController.mm in Sources */,
				4F3DD6A32C9BE537006F6F49 /* CustomBaselineViewController.mm in Sources */,
				4FBEC51E2C3C568C008A2F17 /* SymbolEffectsViewController.mm in Sources */,
				4FA8EEF42C1CDBD700B1358A /* ToTransitionViewController.mm in Sources */,
				4F9C08D42C3E5574009897D6 /* ToolbarAppearanceViewController.mm in Sources */,
				4FD54E902D00BB78002CE52C /* LabelWritingToolsViewController.mm in Sources */,
				4F1F022E2C23CE3A004F7EFF /* CyanViewController.m in Sources */,
				4F3DD69C2C9BDCF6006F6F49 /* BaselineViewController.mm in Sources */,
				4FA8EEF12C1CDBCA00B1358A /* FromTransitionViewController.mm in Sources */,
				4F082E492C188D6C002263ED /* AppDelegate.m in Sources */,
				4F082E742C18E269002263ED /* SceneActivationViewController.mm in Sources */,
				4F082EAC2C1B59C1002263ED /* CalendarViewController.mm in Sources */,
				4F082E9F2C1B4831002263ED /* CustomDocument.mm in Sources */,
				4F082E622C188E34002263ED /* MainCollectionViewController.mm in Sources */,
				4F59DEEF2CFFFA7B00E88830 /* NewWritingToolsViewController.mm in Sources */,
				4F1F022B2C23CE25004F7EFF /* PinkViewController.m in Sources */,
				4F46CFD02C282D9A005AC6AF /* FontPickerPresenterViewController.mm in Sources */,
				4FA8EEE92C1C012A00B1358A /* TextViewController.mm in Sources */,
				4F7941D02C7896760031F456 /* ProKeyboardViewController.mm in Sources */,
				4F455F1E2C280C4A00CDE688 /* TabBar2Controller.m in Sources */,
				4F1F02282C23CD6C004F7EFF /* TabBarController.mm in Sources */,
				4F082E7B2C18FD18002263ED /* CustomDocumentViewController.mm in Sources */,
				4F455F222C281AAC00CDE688 /* UpdateLinkViewController.mm in Sources */,
				4F455F1A2C27EBE400CDE688 /* JitterAnimationViewController.mm in Sources */,
				4F082E6C2C189EF0002263ED /* ListEnvironmentCollectionViewController.mm in Sources */,
				4F082E5A2C188D6D002263ED /* main.m in Sources */,
				4FB9FC422C58C2D6006B3245 /* NewLinkTextViewController.mm in Sources */,
				4F082E4C2C188D6C002263ED /* SceneDelegate.m in Sources */,
				4F0CBAA52C43D3FA00743DE2 /* MySearchViewController.mm in Sources */,
				4F3AFCA12C57F64E00F810CF /* PointerInteractionViewController.mm in Sources */,
				4FDABC692C3D35DE00F928DB /* SymbolTransitionsViewController.mm in Sources */,
				4F83911C2CCCFEAE0005B8AC /* CustomViewMenuElementDynamicHeightViewController.mm in Sources */,
				4F7BC13C2C3C43B900419197 /* MyNavigationItemViewController.mm in Sources */,
				4F7941D42C7897D50031F456 /* FloatingKeyboardViewController.mm in Sources */,
				4F7941D82C7898470031F456 /* SplitKeyboardViewController.mm in Sources */,
				4F4903772D03554E0017A47D /* MarqueeLabelViewController.mm in Sources */,
				4F455F032C2038D200CDE688 /* CustomTransitionController.mm in Sources */,
			);
			runOnlyForDeploymentPostprocessing = 0;
		};
		4F59DEA52CFFF56100E88830 /* Sources */ = {
			isa = PBXSourcesBuildPhase;
			buildActionMask = 2147483647;
			files = (
				4F59DEA62CFFF56100E88830 /* SystemBackgroundViewController.m in Sources */,
				4F59DEA72CFFF56100E88830 /* LargeContentViewController.mm in Sources */,
				4F59DEA82CFFF56100E88830 /* LegacyTabBarController.mm in Sources */,
				4F59DEA92CFFF56100E88830 /* NSObject+Foundation_IvarDescription.mm in Sources */,
				4F59DEAA2CFFF56100E88830 /* OldLinkTextViewController.mm in Sources */,
				4F59DEAB2CFFF56100E88830 /* LegacyTabBar2Controller.mm in Sources */,
				4F59DEAC2CFFF56100E88830 /* ProminenceViewController.mm in Sources */,
				4F59DEAD2CFFF56100E88830 /* CustomViewControllerTransition.mm in Sources */,
				4F59DEAE2CFFF56100E88830 /* WritingToolsViewController.mm in Sources */,
				4F59DEAF2CFFF56100E88830 /* ContentHuggingElementsViewController.mm in Sources */,
				4F59DEB02CFFF56100E88830 /* CustomDismissPercentageInteraction.mm in Sources */,
				4F59DEB12CFFF56100E88830 /* ListEnvironmentContentConfiguration.mm in Sources */,
				4F59DEB22CFFF56100E88830 /* OrangeViewController.m in Sources */,
				4F59DEB32CFFF56100E88830 /* CustomDismissCustomInteraction.mm in Sources */,
				4F59DEB42CFFF56100E88830 /* OrangeSceneDelegate.m in Sources */,
				4F59DEB52CFFF56100E88830 /* InputAssistantItemViewController.mm in Sources */,
				4F59DEB62CFFF56100E88830 /* CustomDismissInteractiveTransitioning.mm in Sources */,
				4F59DEB72CFFF56100E88830 /* TabBarAppearanceViewController.mm in Sources */,
				4F59DEEB2CFFF6A900E88830 /* ApplicationCategoryViewController.mm in Sources */,
				4F59DEB82CFFF56100E88830 /* CircleProgressViewController.mm in Sources */,
				4F59DEB92CFFF56100E88830 /* CustomBaselineViewController.mm in Sources */,
				4F59DEBA2CFFF56100E88830 /* SymbolEffectsViewController.mm in Sources */,
				4F59DEBB2CFFF56100E88830 /* ToTransitionViewController.mm in Sources */,
				4F59DEBC2CFFF56100E88830 /* ToolbarAppearanceViewController.mm in Sources */,
				4FD54E912D00BB78002CE52C /* LabelWritingToolsViewController.mm in Sources */,
				4F59DEBD2CFFF56100E88830 /* CyanViewController.m in Sources */,
				4F59DEBE2CFFF56100E88830 /* BaselineViewController.mm in Sources */,
				4F59DEBF2CFFF56100E88830 /* FromTransitionViewController.mm in Sources */,
				4F59DEC02CFFF56100E88830 /* AppDelegate.m in Sources */,
				4F59DEC12CFFF56100E88830 /* SceneActivationViewController.mm in Sources */,
				4F59DEC22CFFF56100E88830 /* CalendarViewController.mm in Sources */,
				4F59DEC32CFFF56100E88830 /* CustomDocument.mm in Sources */,
				4F59DEC42CFFF56100E88830 /* MainCollectionViewController.mm in Sources */,
				4F59DEF02CFFFA7B00E88830 /* NewWritingToolsViewController.mm in Sources */,
				4F59DEC52CFFF56100E88830 /* PinkViewController.m in Sources */,
				4F59DEC62CFFF56100E88830 /* FontPickerPresenterViewController.mm in Sources */,
				4F59DEC72CFFF56100E88830 /* TextViewController.mm in Sources */,
				4F59DEC82CFFF56100E88830 /* ProKeyboardViewController.mm in Sources */,
				4F59DEC92CFFF56100E88830 /* TabBar2Controller.m in Sources */,
				4F59DECA2CFFF56100E88830 /* TabBarController.mm in Sources */,
				4F59DECB2CFFF56100E88830 /* CustomDocumentViewController.mm in Sources */,
				4F59DECC2CFFF56100E88830 /* UpdateLinkViewController.mm in Sources */,
				4F59DECD2CFFF56100E88830 /* JitterAnimationViewController.mm in Sources */,
				4F59DECE2CFFF56100E88830 /* ListEnvironmentCollectionViewController.mm in Sources */,
				4F59DECF2CFFF56100E88830 /* main.m in Sources */,
				4F59DED02CFFF56100E88830 /* NewLinkTextViewController.mm in Sources */,
				4F59DED12CFFF56100E88830 /* SceneDelegate.m in Sources */,
				4F59DED22CFFF56100E88830 /* MySearchViewController.mm in Sources */,
				4F59DED32CFFF56100E88830 /* PointerInteractionViewController.mm in Sources */,
				4F59DED42CFFF56100E88830 /* SymbolTransitionsViewController.mm in Sources */,
				4F59DED52CFFF56100E88830 /* CustomViewMenuElementDynamicHeightViewController.mm in Sources */,
				4F59DED62CFFF56100E88830 /* MyNavigationItemViewController.mm in Sources */,
				4F59DED72CFFF56100E88830 /* FloatingKeyboardViewController.mm in Sources */,
				4F59DED82CFFF56100E88830 /* SplitKeyboardViewController.mm in Sources */,
				4F4903782D03554E0017A47D /* MarqueeLabelViewController.mm in Sources */,
				4F59DED92CFFF56100E88830 /* CustomTransitionController.mm in Sources */,
			);
			runOnlyForDeploymentPostprocessing = 0;
		};
/* End PBXSourcesBuildPhase section */

/* Begin PBXVariantGroup section */
		4F082E552C188D6D002263ED /* LaunchScreen.storyboard */ = {
			isa = PBXVariantGroup;
			children = (
				4F082E562C188D6D002263ED /* Base */,
			);
			name = LaunchScreen.storyboard;
			sourceTree = "<group>";
		};
/* End PBXVariantGroup section */

/* Begin XCBuildConfiguration section */
		4F082E5B2C188D6D002263ED /* Debug */ = {
			isa = XCBuildConfiguration;
			buildSettings = {
				ALWAYS_SEARCH_USER_PATHS = NO;
				ASSETCATALOG_COMPILER_GENERATE_SWIFT_ASSET_SYMBOL_EXTENSIONS = YES;
				CLANG_ANALYZER_NONNULL = YES;
				CLANG_ANALYZER_NUMBER_OBJECT_CONVERSION = YES_AGGRESSIVE;
				CLANG_CXX_LANGUAGE_STANDARD = "gnu++20";
				CLANG_ENABLE_MODULES = YES;
				CLANG_ENABLE_OBJC_ARC = NO;
				CLANG_ENABLE_OBJC_WEAK = YES;
				CLANG_WARN_BLOCK_CAPTURE_AUTORELEASING = YES;
				CLANG_WARN_BOOL_CONVERSION = YES;
				CLANG_WARN_COMMA = YES;
				CLANG_WARN_CONSTANT_CONVERSION = YES;
				CLANG_WARN_DEPRECATED_OBJC_IMPLEMENTATIONS = YES;
				CLANG_WARN_DIRECT_OBJC_ISA_USAGE = YES_ERROR;
				CLANG_WARN_DOCUMENTATION_COMMENTS = YES;
				CLANG_WARN_EMPTY_BODY = YES;
				CLANG_WARN_ENUM_CONVERSION = YES;
				CLANG_WARN_INFINITE_RECURSION = YES;
				CLANG_WARN_INT_CONVERSION = YES;
				CLANG_WARN_NON_LITERAL_NULL_CONVERSION = YES;
				CLANG_WARN_OBJC_IMPLICIT_RETAIN_SELF = YES;
				CLANG_WARN_OBJC_LITERAL_CONVERSION = YES;
				CLANG_WARN_OBJC_ROOT_CLASS = YES_ERROR;
				CLANG_WARN_QUOTED_INCLUDE_IN_FRAMEWORK_HEADER = YES;
				CLANG_WARN_RANGE_LOOP_ANALYSIS = YES;
				CLANG_WARN_STRICT_PROTOTYPES = YES;
				CLANG_WARN_SUSPICIOUS_MOVE = YES;
				CLANG_WARN_UNGUARDED_AVAILABILITY = YES_AGGRESSIVE;
				CLANG_WARN_UNREACHABLE_CODE = YES;
				CLANG_WARN__DUPLICATE_METHOD_MATCH = YES;
				COPY_PHASE_STRIP = NO;
				DEBUG_INFORMATION_FORMAT = dwarf;
				ENABLE_STRICT_OBJC_MSGSEND = YES;
				ENABLE_TESTABILITY = YES;
				ENABLE_USER_SCRIPT_SANDBOXING = YES;
				GCC_C_LANGUAGE_STANDARD = gnu17;
				GCC_DYNAMIC_NO_PIC = NO;
				GCC_NO_COMMON_BLOCKS = YES;
				GCC_OPTIMIZATION_LEVEL = 0;
				GCC_PREPROCESSOR_DEFINITIONS = (
					"DEBUG=1",
					"$(inherited)",
				);
				GCC_WARN_64_TO_32_BIT_CONVERSION = YES;
				GCC_WARN_ABOUT_RETURN_TYPE = YES_ERROR;
				GCC_WARN_UNDECLARED_SELECTOR = YES;
				GCC_WARN_UNINITIALIZED_AUTOS = YES_AGGRESSIVE;
				GCC_WARN_UNUSED_FUNCTION = YES;
				GCC_WARN_UNUSED_VARIABLE = YES;
				IPHONEOS_DEPLOYMENT_TARGET = 18.0;
				LOCALIZATION_PREFERS_STRING_CATALOGS = YES;
				MTL_ENABLE_DEBUG_INFO = INCLUDE_SOURCE;
				MTL_FAST_MATH = YES;
				ONLY_ACTIVE_ARCH = YES;
				SDKROOT = iphoneos;
			};
			name = Debug;
		};
		4F082E5C2C188D6D002263ED /* Release */ = {
			isa = XCBuildConfiguration;
			buildSettings = {
				ALWAYS_SEARCH_USER_PATHS = NO;
				ASSETCATALOG_COMPILER_GENERATE_SWIFT_ASSET_SYMBOL_EXTENSIONS = YES;
				CLANG_ANALYZER_NONNULL = YES;
				CLANG_ANALYZER_NUMBER_OBJECT_CONVERSION = YES_AGGRESSIVE;
				CLANG_CXX_LANGUAGE_STANDARD = "gnu++20";
				CLANG_ENABLE_MODULES = YES;
				CLANG_ENABLE_OBJC_ARC = NO;
				CLANG_ENABLE_OBJC_WEAK = YES;
				CLANG_WARN_BLOCK_CAPTURE_AUTORELEASING = YES;
				CLANG_WARN_BOOL_CONVERSION = YES;
				CLANG_WARN_COMMA = YES;
				CLANG_WARN_CONSTANT_CONVERSION = YES;
				CLANG_WARN_DEPRECATED_OBJC_IMPLEMENTATIONS = YES;
				CLANG_WARN_DIRECT_OBJC_ISA_USAGE = YES_ERROR;
				CLANG_WARN_DOCUMENTATION_COMMENTS = YES;
				CLANG_WARN_EMPTY_BODY = YES;
				CLANG_WARN_ENUM_CONVERSION = YES;
				CLANG_WARN_INFINITE_RECURSION = YES;
				CLANG_WARN_INT_CONVERSION = YES;
				CLANG_WARN_NON_LITERAL_NULL_CONVERSION = YES;
				CLANG_WARN_OBJC_IMPLICIT_RETAIN_SELF = YES;
				CLANG_WARN_OBJC_LITERAL_CONVERSION = YES;
				CLANG_WARN_OBJC_ROOT_CLASS = YES_ERROR;
				CLANG_WARN_QUOTED_INCLUDE_IN_FRAMEWORK_HEADER = YES;
				CLANG_WARN_RANGE_LOOP_ANALYSIS = YES;
				CLANG_WARN_STRICT_PROTOTYPES = YES;
				CLANG_WARN_SUSPICIOUS_MOVE = YES;
				CLANG_WARN_UNGUARDED_AVAILABILITY = YES_AGGRESSIVE;
				CLANG_WARN_UNREACHABLE_CODE = YES;
				CLANG_WARN__DUPLICATE_METHOD_MATCH = YES;
				COPY_PHASE_STRIP = NO;
				DEBUG_INFORMATION_FORMAT = "dwarf-with-dsym";
				ENABLE_NS_ASSERTIONS = NO;
				ENABLE_STRICT_OBJC_MSGSEND = YES;
				ENABLE_USER_SCRIPT_SANDBOXING = YES;
				GCC_C_LANGUAGE_STANDARD = gnu17;
				GCC_NO_COMMON_BLOCKS = YES;
				GCC_WARN_64_TO_32_BIT_CONVERSION = YES;
				GCC_WARN_ABOUT_RETURN_TYPE = YES_ERROR;
				GCC_WARN_UNDECLARED_SELECTOR = YES;
				GCC_WARN_UNINITIALIZED_AUTOS = YES_AGGRESSIVE;
				GCC_WARN_UNUSED_FUNCTION = YES;
				GCC_WARN_UNUSED_VARIABLE = YES;
				IPHONEOS_DEPLOYMENT_TARGET = 18.0;
				LOCALIZATION_PREFERS_STRING_CATALOGS = YES;
				MTL_ENABLE_DEBUG_INFO = NO;
				MTL_FAST_MATH = YES;
				SDKROOT = iphoneos;
				VALIDATE_PRODUCT = YES;
			};
			name = Release;
		};
		4F082E5E2C188D6D002263ED /* Debug */ = {
			isa = XCBuildConfiguration;
			buildSettings = {
				ASSETCATALOG_COMPILER_APPICON_NAME = AppIcon;
				ASSETCATALOG_COMPILER_GLOBAL_ACCENT_COLOR_NAME = AccentColor;
				CLANG_ENABLE_MODULES = YES;
				CODE_SIGN_ENTITLEMENTS = MiscellaneousUIKit/MiscellaneousUIKit.entitlements;
				CODE_SIGN_STYLE = Automatic;
				CURRENT_PROJECT_VERSION = 1;
				DEVELOPMENT_TEAM = P53D29U9LJ;
				GENERATE_INFOPLIST_FILE = YES;
				INFOPLIST_FILE = MiscellaneousUIKit/Info.plist;
				INFOPLIST_KEY_UIApplicationSupportsIndirectInputEvents = YES;
				INFOPLIST_KEY_UILaunchStoryboardName = LaunchScreen;
				INFOPLIST_KEY_UISupportedInterfaceOrientations_iPad = "UIInterfaceOrientationPortrait UIInterfaceOrientationPortraitUpsideDown UIInterfaceOrientationLandscapeLeft UIInterfaceOrientationLandscapeRight";
				INFOPLIST_KEY_UISupportedInterfaceOrientations_iPhone = "UIInterfaceOrientationPortrait UIInterfaceOrientationLandscapeLeft UIInterfaceOrientationLandscapeRight";
				IPHONEOS_DEPLOYMENT_TARGET = 18.2;
				LD_RUNPATH_SEARCH_PATHS = (
					"$(inherited)",
					"@executable_path/Frameworks",
				);
				MARKETING_VERSION = 1.0;
				PRODUCT_BUNDLE_IDENTIFIER = com.pookjw.MiscellaneousUIKit;
				PRODUCT_NAME = "$(TARGET_NAME)";
				REGISTER_APP_GROUPS = NO;
				SUPPORTED_PLATFORMS = "iphoneos iphonesimulator xros xrsimulator";
				SUPPORTS_MACCATALYST = YES;
				SWIFT_EMIT_LOC_STRINGS = YES;
				SWIFT_OPTIMIZATION_LEVEL = "-Onone";
				SWIFT_VERSION = 6.0;
				TARGETED_DEVICE_FAMILY = "1,2,7";
				XROS_DEPLOYMENT_TARGET = 2.2;
			};
			name = Debug;
		};
		4F082E5F2C188D6D002263ED /* Release */ = {
			isa = XCBuildConfiguration;
			buildSettings = {
				ASSETCATALOG_COMPILER_APPICON_NAME = AppIcon;
				ASSETCATALOG_COMPILER_GLOBAL_ACCENT_COLOR_NAME = AccentColor;
				CLANG_ENABLE_MODULES = YES;
				CODE_SIGN_ENTITLEMENTS = MiscellaneousUIKit/MiscellaneousUIKit.entitlements;
				CODE_SIGN_STYLE = Automatic;
				CURRENT_PROJECT_VERSION = 1;
				DEVELOPMENT_TEAM = P53D29U9LJ;
				GENERATE_INFOPLIST_FILE = YES;
				INFOPLIST_FILE = MiscellaneousUIKit/Info.plist;
				INFOPLIST_KEY_UIApplicationSupportsIndirectInputEvents = YES;
				INFOPLIST_KEY_UILaunchStoryboardName = LaunchScreen;
				INFOPLIST_KEY_UISupportedInterfaceOrientations_iPad = "UIInterfaceOrientationPortrait UIInterfaceOrientationPortraitUpsideDown UIInterfaceOrientationLandscapeLeft UIInterfaceOrientationLandscapeRight";
				INFOPLIST_KEY_UISupportedInterfaceOrientations_iPhone = "UIInterfaceOrientationPortrait UIInterfaceOrientationLandscapeLeft UIInterfaceOrientationLandscapeRight";
				IPHONEOS_DEPLOYMENT_TARGET = 18.2;
				LD_RUNPATH_SEARCH_PATHS = (
					"$(inherited)",
					"@executable_path/Frameworks",
				);
				MARKETING_VERSION = 1.0;
				PRODUCT_BUNDLE_IDENTIFIER = com.pookjw.MiscellaneousUIKit;
				PRODUCT_NAME = "$(TARGET_NAME)";
				REGISTER_APP_GROUPS = NO;
				SUPPORTED_PLATFORMS = "iphoneos iphonesimulator xros xrsimulator";
				SUPPORTS_MACCATALYST = YES;
				SWIFT_EMIT_LOC_STRINGS = YES;
				SWIFT_VERSION = 6.0;
				TARGETED_DEVICE_FAMILY = "1,2,7";
				XROS_DEPLOYMENT_TARGET = 2.2;
			};
			name = Release;
		};
		4F59DEE32CFFF56100E88830 /* Debug */ = {
			isa = XCBuildConfiguration;
			buildSettings = {
				ASSETCATALOG_COMPILER_APPICON_NAME = AppIcon;
				ASSETCATALOG_COMPILER_GLOBAL_ACCENT_COLOR_NAME = AccentColor;
				CLANG_ENABLE_MODULES = YES;
				CODE_SIGN_ENTITLEMENTS = "MiscellaneousUIKit/MiscellaneousUIKit-Private.entitlements";
				CODE_SIGN_STYLE = Automatic;
				CURRENT_PROJECT_VERSION = 1;
				DEVELOPMENT_TEAM = P53D29U9LJ;
				GENERATE_INFOPLIST_FILE = YES;
				INFOPLIST_FILE = "MiscellaneousUIKit copy-Info.plist";
				INFOPLIST_KEY_UIApplicationSupportsIndirectInputEvents = YES;
				INFOPLIST_KEY_UILaunchStoryboardName = LaunchScreen;
				INFOPLIST_KEY_UISupportedInterfaceOrientations_iPad = "UIInterfaceOrientationPortrait UIInterfaceOrientationPortraitUpsideDown UIInterfaceOrientationLandscapeLeft UIInterfaceOrientationLandscapeRight";
				INFOPLIST_KEY_UISupportedInterfaceOrientations_iPhone = "UIInterfaceOrientationPortrait UIInterfaceOrientationLandscapeLeft UIInterfaceOrientationLandscapeRight";
				IPHONEOS_DEPLOYMENT_TARGET = 18.2;
				LD_RUNPATH_SEARCH_PATHS = (
					"$(inherited)",
					"@executable_path/Frameworks",
				);
				MARKETING_VERSION = 1.0;
				PRODUCT_BUNDLE_IDENTIFIER = com.pookjw.MiscellaneousUIKit;
				PRODUCT_NAME = "$(TARGET_NAME)";
				REGISTER_APP_GROUPS = NO;
				SUPPORTED_PLATFORMS = "iphoneos iphonesimulator xros xrsimulator";
				SUPPORTS_MACCATALYST = YES;
				SWIFT_EMIT_LOC_STRINGS = YES;
				SWIFT_OPTIMIZATION_LEVEL = "-Onone";
				SWIFT_VERSION = 6.0;
				TARGETED_DEVICE_FAMILY = "1,2,7";
				XROS_DEPLOYMENT_TARGET = 2.2;
			};
			name = Debug;
		};
		4F59DEE42CFFF56100E88830 /* Release */ = {
			isa = XCBuildConfiguration;
			buildSettings = {
				ASSETCATALOG_COMPILER_APPICON_NAME = AppIcon;
				ASSETCATALOG_COMPILER_GLOBAL_ACCENT_COLOR_NAME = AccentColor;
				CLANG_ENABLE_MODULES = YES;
				CODE_SIGN_ENTITLEMENTS = "MiscellaneousUIKit/MiscellaneousUIKit-Private.entitlements";
				CODE_SIGN_STYLE = Automatic;
				CURRENT_PROJECT_VERSION = 1;
				DEVELOPMENT_TEAM = P53D29U9LJ;
				GENERATE_INFOPLIST_FILE = YES;
				INFOPLIST_FILE = "MiscellaneousUIKit copy-Info.plist";
				INFOPLIST_KEY_UIApplicationSupportsIndirectInputEvents = YES;
				INFOPLIST_KEY_UILaunchStoryboardName = LaunchScreen;
				INFOPLIST_KEY_UISupportedInterfaceOrientations_iPad = "UIInterfaceOrientationPortrait UIInterfaceOrientationPortraitUpsideDown UIInterfaceOrientationLandscapeLeft UIInterfaceOrientationLandscapeRight";
				INFOPLIST_KEY_UISupportedInterfaceOrientations_iPhone = "UIInterfaceOrientationPortrait UIInterfaceOrientationLandscapeLeft UIInterfaceOrientationLandscapeRight";
				IPHONEOS_DEPLOYMENT_TARGET = 18.2;
				LD_RUNPATH_SEARCH_PATHS = (
					"$(inherited)",
					"@executable_path/Frameworks",
				);
				MARKETING_VERSION = 1.0;
				PRODUCT_BUNDLE_IDENTIFIER = com.pookjw.MiscellaneousUIKit;
				PRODUCT_NAME = "$(TARGET_NAME)";
				REGISTER_APP_GROUPS = NO;
				SUPPORTED_PLATFORMS = "iphoneos iphonesimulator xros xrsimulator";
				SUPPORTS_MACCATALYST = YES;
				SWIFT_EMIT_LOC_STRINGS = YES;
				SWIFT_VERSION = 6.0;
				TARGETED_DEVICE_FAMILY = "1,2,7";
				XROS_DEPLOYMENT_TARGET = 2.2;
			};
			name = Release;
		};
/* End XCBuildConfiguration section */

/* Begin XCConfigurationList section */
		4F082E3F2C188D6C002263ED /* Build configuration list for PBXProject "MiscellaneousUIKit" */ = {
			isa = XCConfigurationList;
			buildConfigurations = (
				4F082E5B2C188D6D002263ED /* Debug */,
				4F082E5C2C188D6D002263ED /* Release */,
			);
			defaultConfigurationIsVisible = 0;
			defaultConfigurationName = Release;
		};
		4F082E5D2C188D6D002263ED /* Build configuration list for PBXNativeTarget "MiscellaneousUIKit" */ = {
			isa = XCConfigurationList;
			buildConfigurations = (
				4F082E5E2C188D6D002263ED /* Debug */,
				4F082E5F2C188D6D002263ED /* Release */,
			);
			defaultConfigurationIsVisible = 0;
			defaultConfigurationName = Release;
		};
		4F59DEE22CFFF56100E88830 /* Build configuration list for PBXNativeTarget "MiscellaneousUIKit Private Entitlements" */ = {
			isa = XCConfigurationList;
			buildConfigurations = (
				4F59DEE32CFFF56100E88830 /* Debug */,
				4F59DEE42CFFF56100E88830 /* Release */,
			);
			defaultConfigurationIsVisible = 0;
			defaultConfigurationName = Release;
		};
/* End XCConfigurationList section */
	};
	rootObject = 4F082E3C2C188D6C002263ED /* Project object */;
}
