// !$*UTF8*$!
{
	archiveVersion = 1;
	classes = {
	};
	objectVersion = 60;
	objects = {

/* Begin PBXBuildFile section */
		4F02A0A62C60C61100C27CA7 /* VolumeIndicatorViewController.mm in Sources */ = {isa = PBXBuildFile; fileRef = 4F02A0A52C60C61100C27CA7 /* VolumeIndicatorViewController.mm */; };
		4F172B202C5A90C4009A1DBC /* QuartzCore.framework in Frameworks */ = {isa = PBXBuildFile; fileRef = 4F172B1F2C5A90C4009A1DBC /* QuartzCore.framework */; };
		4F172B222C5A90CA009A1DBC /* CoreGraphics.framework in Frameworks */ = {isa = PBXBuildFile; fileRef = 4F172B212C5A90CA009A1DBC /* CoreGraphics.framework */; };
		4F172B242C5A90D0009A1DBC /* AVKit.framework in Frameworks */ = {isa = PBXBuildFile; fileRef = 4F172B232C5A90D0009A1DBC /* AVKit.framework */; };
		4F172B262C5A90D5009A1DBC /* AVFoundation.framework in Frameworks */ = {isa = PBXBuildFile; fileRef = 4F172B252C5A90D5009A1DBC /* AVFoundation.framework */; };
		4F3B20B52C5E3D4700D88762 /* PickerViewController.mm in Sources */ = {isa = PBXBuildFile; fileRef = 4F3B20B42C5E3D4700D88762 /* PickerViewController.mm */; };
		4F3B20B92C5E471000D88762 /* ActivityIndicatorViewController.mm in Sources */ = {isa = PBXBuildFile; fileRef = 4F3B20B82C5E471000D88762 /* ActivityIndicatorViewController.mm */; };
		4F3B20C12C5E4A5A00D88762 /* TimeOffsetInputViewController.mm in Sources */ = {isa = PBXBuildFile; fileRef = 4F3B20C02C5E4A5A00D88762 /* TimeOffsetInputViewController.mm */; };
		4F3B20E02C5E50E600D88762 /* QuickboardNumberPadViewController.mm in Sources */ = {isa = PBXBuildFile; fileRef = 4F3B20DF2C5E50E600D88762 /* QuickboardNumberPadViewController.mm */; };
		4F3B20E72C5E551700D88762 /* SwitchViewController.mm in Sources */ = {isa = PBXBuildFile; fileRef = 4F3B20E62C5E551700D88762 /* SwitchViewController.mm */; };
		4F3B20EE2C5E81BF00D88762 /* CompositionPresenterViewController.mm in Sources */ = {isa = PBXBuildFile; fileRef = 4F3B20ED2C5E81BF00D88762 /* CompositionPresenterViewController.mm */; };
		4F3B20FE2C5E8DA800D88762 /* MessagePresenterViewController.mm in Sources */ = {isa = PBXBuildFile; fileRef = 4F3B20FD2C5E8DA800D88762 /* MessagePresenterViewController.mm */; };
		4F4604452C5F713B00C12A68 /* StatusBarPlacementViewController.mm in Sources */ = {isa = PBXBuildFile; fileRef = 4F4604442C5F713B00C12A68 /* StatusBarPlacementViewController.mm */; };
		4F4604492C5F75DE00C12A68 /* StatusBarItemViewController.mm in Sources */ = {isa = PBXBuildFile; fileRef = 4F4604482C5F75DE00C12A68 /* StatusBarItemViewController.mm */; };
		4F46044D2C5F785F00C12A68 /* StatusBarAlphaViewController.mm in Sources */ = {isa = PBXBuildFile; fileRef = 4F46044C2C5F785F00C12A68 /* StatusBarAlphaViewController.mm */; };
		4F4604512C5F7C9400C12A68 /* StatusBarTimeStyleViewController.mm in Sources */ = {isa = PBXBuildFile; fileRef = 4F4604502C5F7C9400C12A68 /* StatusBarTimeStyleViewController.mm */; };
		4F4604562C5F801F00C12A68 /* AlwaysOnViewController.mm in Sources */ = {isa = PBXBuildFile; fileRef = 4F4604552C5F801F00C12A68 /* AlwaysOnViewController.mm */; };
		4F4604732C5FC6FB00C12A68 /* EffectiveVisibilityView.mm in Sources */ = {isa = PBXBuildFile; fileRef = 4F4604722C5FC6FB00C12A68 /* EffectiveVisibilityView.mm */; };
		4F4604772C5FD72000C12A68 /* NetworkActivityIndicatorVisibleViewController.mm in Sources */ = {isa = PBXBuildFile; fileRef = 4F4604762C5FD72000C12A68 /* NetworkActivityIndicatorVisibleViewController.mm */; };
		4F46047B2C5FD8FB00C12A68 /* DisablesSleepGestureViewController.mm in Sources */ = {isa = PBXBuildFile; fileRef = 4F46047A2C5FD8FB00C12A68 /* DisablesSleepGestureViewController.mm */; };
		4F46047F2C5FDBDA00C12A68 /* WantsAutorotationViewController.mm in Sources */ = {isa = PBXBuildFile; fileRef = 4F46047E2C5FDBDA00C12A68 /* WantsAutorotationViewController.mm */; };
		4F47EA502C5E267700B6D032 /* MapKit.framework in Frameworks */ = {isa = PBXBuildFile; fileRef = 4F47EA4F2C5E267700B6D032 /* MapKit.framework */; };
		4F85F3522C5A963E00C25410 /* DigitalCrownViewController.mm in Sources */ = {isa = PBXBuildFile; fileRef = 4F85F3512C5A963E00C25410 /* DigitalCrownViewController.mm */; };
		4F85F3552C5A9CDA00C25410 /* DigitalCrownView.mm in Sources */ = {isa = PBXBuildFile; fileRef = 4F85F3542C5A9CDA00C25410 /* DigitalCrownView.mm */; };
		4F85F3942C5D350000C25410 /* SlidersViewController.mm in Sources */ = {isa = PBXBuildFile; fileRef = 4F85F3932C5D350000C25410 /* SlidersViewController.mm */; };
		4F85F39B2C5E1CC200C25410 /* AlertPresenterViewController.mm in Sources */ = {isa = PBXBuildFile; fileRef = 4F85F39A2C5E1CC200C25410 /* AlertPresenterViewController.mm */; };
		4F85F39F2C5E1FDC00C25410 /* SheetPresenterViewController.mm in Sources */ = {isa = PBXBuildFile; fileRef = 4F85F39E2C5E1FDC00C25410 /* SheetPresenterViewController.mm */; };
		4F86742D2C5A88DC00825FE5 /* main.mm in Sources */ = {isa = PBXBuildFile; fileRef = 4F86742C2C5A88DC00825FE5 /* main.mm */; };
		4F8674302C5A88FD00825FE5 /* NSObject+Foundation_IvarDescription.mm in Sources */ = {isa = PBXBuildFile; fileRef = 4F86742F2C5A88FD00825FE5 /* NSObject+Foundation_IvarDescription.mm */; };
		4F8674332C5A893900825FE5 /* AppDelegate.mm in Sources */ = {isa = PBXBuildFile; fileRef = 4F8674322C5A893900825FE5 /* AppDelegate.mm */; };
		4F8A34D22C5A861500E3CFC4 /* Assets.xcassets in Resources */ = {isa = PBXBuildFile; fileRef = 4F8A34D12C5A861500E3CFC4 /* Assets.xcassets */; };
		4F9879BA2C5A8A2700E4D2F3 /* UIKit.framework in Frameworks */ = {isa = PBXBuildFile; fileRef = 4F9879B92C5A8A2700E4D2F3 /* UIKit.framework */; };
		4F9879BC2C5A8A2A00E4D2F3 /* WatchKit.framework in Frameworks */ = {isa = PBXBuildFile; fileRef = 4F9879BB2C5A8A2A00E4D2F3 /* WatchKit.framework */; };
		4F9879BE2C5A8A2E00E4D2F3 /* UniformTypeIdentifiers.framework in Frameworks */ = {isa = PBXBuildFile; fileRef = 4F9879BD2C5A8A2E00E4D2F3 /* UniformTypeIdentifiers.framework */; };
		4FA997BD2C5E3369000E5AFB /* Symbols.framework in Frameworks */ = {isa = PBXBuildFile; fileRef = 4FA997BC2C5E3369000E5AFB /* Symbols.framework */; };
		4FCD98E72C5CEB97001022A9 /* PageViewController.mm in Sources */ = {isa = PBXBuildFile; fileRef = 4FCD98E62C5CEB97001022A9 /* PageViewController.mm */; };
		4FE056922C60C1BD00330E3A /* CoreMedia.framework in Frameworks */ = {isa = PBXBuildFile; fileRef = 4FE056912C60C1BD00330E3A /* CoreMedia.framework */; };
		4FF12C962C60959500F82C15 /* VideoPlayerViewController.mm in Sources */ = {isa = PBXBuildFile; fileRef = 4FF12C952C60959500F82C15 /* VideoPlayerViewController.mm */; };
		4FF12C9C2C60967700F82C15 /* 0.mp4 in Resources */ = {isa = PBXBuildFile; fileRef = 4FF12C972C60967700F82C15 /* 0.mp4 */; };
		4FF12CB32C60BB9E00F82C15 /* MyAVSlider.mm in Sources */ = {isa = PBXBuildFile; fileRef = 4FF12CB22C60BB9E00F82C15 /* MyAVSlider.mm */; };
		4FF12CBA2C60BF5500F82C15 /* KeyValueObservation.m in Sources */ = {isa = PBXBuildFile; fileRef = 4FF12CB52C60BF5500F82C15 /* KeyValueObservation.m */; };
		4FF12CBB2C60BF5500F82C15 /* NSObject+KeyValueObservation.m in Sources */ = {isa = PBXBuildFile; fileRef = 4FF12CB82C60BF5500F82C15 /* NSObject+KeyValueObservation.m */; };
		4FFEA7DB2C5A8C9000313CAC /* SceneDelegate.mm in Sources */ = {isa = PBXBuildFile; fileRef = 4FFEA7DA2C5A8C9000313CAC /* SceneDelegate.mm */; };
		4FFEA7DE2C5A8D6D00313CAC /* ClassListViewController.mm in Sources */ = {isa = PBXBuildFile; fileRef = 4FFEA7DD2C5A8D6D00313CAC /* ClassListViewController.mm */; };
/* End PBXBuildFile section */

/* Begin PBXFileReference section */
		4F02A0A42C60C61100C27CA7 /* VolumeIndicatorViewController.h */ = {isa = PBXFileReference; lastKnownFileType = sourcecode.c.h; path = VolumeIndicatorViewController.h; sourceTree = "<group>"; };
		4F02A0A52C60C61100C27CA7 /* VolumeIndicatorViewController.mm */ = {isa = PBXFileReference; lastKnownFileType = sourcecode.cpp.objcpp; path = VolumeIndicatorViewController.mm; sourceTree = "<group>"; };
		4F172B1F2C5A90C4009A1DBC /* QuartzCore.framework */ = {isa = PBXFileReference; lastKnownFileType = wrapper.framework; name = QuartzCore.framework; path = Platforms/WatchOS.platform/Developer/SDKs/WatchOS11.0.sdk/System/Library/Frameworks/QuartzCore.framework; sourceTree = DEVELOPER_DIR; };
		4F172B212C5A90CA009A1DBC /* CoreGraphics.framework */ = {isa = PBXFileReference; lastKnownFileType = wrapper.framework; name = CoreGraphics.framework; path = Platforms/WatchOS.platform/Developer/SDKs/WatchOS11.0.sdk/System/Library/Frameworks/CoreGraphics.framework; sourceTree = DEVELOPER_DIR; };
		4F172B232C5A90D0009A1DBC /* AVKit.framework */ = {isa = PBXFileReference; lastKnownFileType = wrapper.framework; name = AVKit.framework; path = Platforms/WatchOS.platform/Developer/SDKs/WatchOS11.0.sdk/System/Library/Frameworks/AVKit.framework; sourceTree = DEVELOPER_DIR; };
		4F172B252C5A90D5009A1DBC /* AVFoundation.framework */ = {isa = PBXFileReference; lastKnownFileType = wrapper.framework; name = AVFoundation.framework; path = Platforms/WatchOS.platform/Developer/SDKs/WatchOS11.0.sdk/System/Library/Frameworks/AVFoundation.framework; sourceTree = DEVELOPER_DIR; };
		4F3B20B32C5E3D4700D88762 /* PickerViewController.h */ = {isa = PBXFileReference; lastKnownFileType = sourcecode.c.h; path = PickerViewController.h; sourceTree = "<group>"; };
		4F3B20B42C5E3D4700D88762 /* PickerViewController.mm */ = {isa = PBXFileReference; lastKnownFileType = sourcecode.cpp.objcpp; path = PickerViewController.mm; sourceTree = "<group>"; };
		4F3B20B72C5E471000D88762 /* ActivityIndicatorViewController.h */ = {isa = PBXFileReference; lastKnownFileType = sourcecode.c.h; path = ActivityIndicatorViewController.h; sourceTree = "<group>"; };
		4F3B20B82C5E471000D88762 /* ActivityIndicatorViewController.mm */ = {isa = PBXFileReference; lastKnownFileType = sourcecode.cpp.objcpp; path = ActivityIndicatorViewController.mm; sourceTree = "<group>"; };
		4F3B20BF2C5E4A5A00D88762 /* TimeOffsetInputViewController.h */ = {isa = PBXFileReference; lastKnownFileType = sourcecode.c.h; path = TimeOffsetInputViewController.h; sourceTree = "<group>"; };
		4F3B20C02C5E4A5A00D88762 /* TimeOffsetInputViewController.mm */ = {isa = PBXFileReference; lastKnownFileType = sourcecode.cpp.objcpp; path = TimeOffsetInputViewController.mm; sourceTree = "<group>"; };
		4F3B20DE2C5E50E600D88762 /* QuickboardNumberPadViewController.h */ = {isa = PBXFileReference; lastKnownFileType = sourcecode.c.h; path = QuickboardNumberPadViewController.h; sourceTree = "<group>"; };
		4F3B20DF2C5E50E600D88762 /* QuickboardNumberPadViewController.mm */ = {isa = PBXFileReference; lastKnownFileType = sourcecode.cpp.objcpp; path = QuickboardNumberPadViewController.mm; sourceTree = "<group>"; };
		4F3B20E52C5E551700D88762 /* SwitchViewController.h */ = {isa = PBXFileReference; lastKnownFileType = sourcecode.c.h; path = SwitchViewController.h; sourceTree = "<group>"; };
		4F3B20E62C5E551700D88762 /* SwitchViewController.mm */ = {isa = PBXFileReference; lastKnownFileType = sourcecode.cpp.objcpp; path = SwitchViewController.mm; sourceTree = "<group>"; };
		4F3B20EC2C5E81BF00D88762 /* CompositionPresenterViewController.h */ = {isa = PBXFileReference; lastKnownFileType = sourcecode.c.h; path = CompositionPresenterViewController.h; sourceTree = "<group>"; };
		4F3B20ED2C5E81BF00D88762 /* CompositionPresenterViewController.mm */ = {isa = PBXFileReference; lastKnownFileType = sourcecode.cpp.objcpp; path = CompositionPresenterViewController.mm; sourceTree = "<group>"; };
		4F3B20FC2C5E8DA800D88762 /* MessagePresenterViewController.h */ = {isa = PBXFileReference; lastKnownFileType = sourcecode.c.h; path = MessagePresenterViewController.h; sourceTree = "<group>"; };
		4F3B20FD2C5E8DA800D88762 /* MessagePresenterViewController.mm */ = {isa = PBXFileReference; lastKnownFileType = sourcecode.cpp.objcpp; path = MessagePresenterViewController.mm; sourceTree = "<group>"; };
		4F4604432C5F713B00C12A68 /* StatusBarPlacementViewController.h */ = {isa = PBXFileReference; lastKnownFileType = sourcecode.c.h; path = StatusBarPlacementViewController.h; sourceTree = "<group>"; };
		4F4604442C5F713B00C12A68 /* StatusBarPlacementViewController.mm */ = {isa = PBXFileReference; lastKnownFileType = sourcecode.cpp.objcpp; path = StatusBarPlacementViewController.mm; sourceTree = "<group>"; };
		4F4604472C5F75DE00C12A68 /* StatusBarItemViewController.h */ = {isa = PBXFileReference; lastKnownFileType = sourcecode.c.h; path = StatusBarItemViewController.h; sourceTree = "<group>"; };
		4F4604482C5F75DE00C12A68 /* StatusBarItemViewController.mm */ = {isa = PBXFileReference; lastKnownFileType = sourcecode.cpp.objcpp; path = StatusBarItemViewController.mm; sourceTree = "<group>"; };
		4F46044B2C5F785F00C12A68 /* StatusBarAlphaViewController.h */ = {isa = PBXFileReference; lastKnownFileType = sourcecode.c.h; path = StatusBarAlphaViewController.h; sourceTree = "<group>"; };
		4F46044C2C5F785F00C12A68 /* StatusBarAlphaViewController.mm */ = {isa = PBXFileReference; lastKnownFileType = sourcecode.cpp.objcpp; path = StatusBarAlphaViewController.mm; sourceTree = "<group>"; };
		4F46044F2C5F7C9400C12A68 /* StatusBarTimeStyleViewController.h */ = {isa = PBXFileReference; lastKnownFileType = sourcecode.c.h; path = StatusBarTimeStyleViewController.h; sourceTree = "<group>"; };
		4F4604502C5F7C9400C12A68 /* StatusBarTimeStyleViewController.mm */ = {isa = PBXFileReference; lastKnownFileType = sourcecode.cpp.objcpp; path = StatusBarTimeStyleViewController.mm; sourceTree = "<group>"; };
		4F4604522C5F7F9A00C12A68 /* MiscellaneousPepperUICore-Watch-App-Info.plist */ = {isa = PBXFileReference; lastKnownFileType = text.plist; path = "MiscellaneousPepperUICore-Watch-App-Info.plist"; sourceTree = "<group>"; };
		4F4604542C5F801F00C12A68 /* AlwaysOnViewController.h */ = {isa = PBXFileReference; lastKnownFileType = sourcecode.c.h; path = AlwaysOnViewController.h; sourceTree = "<group>"; };
		4F4604552C5F801F00C12A68 /* AlwaysOnViewController.mm */ = {isa = PBXFileReference; lastKnownFileType = sourcecode.cpp.objcpp; path = AlwaysOnViewController.mm; sourceTree = "<group>"; };
		4F4604712C5FC6FB00C12A68 /* EffectiveVisibilityView.h */ = {isa = PBXFileReference; lastKnownFileType = sourcecode.c.h; path = EffectiveVisibilityView.h; sourceTree = "<group>"; };
		4F4604722C5FC6FB00C12A68 /* EffectiveVisibilityView.mm */ = {isa = PBXFileReference; lastKnownFileType = sourcecode.cpp.objcpp; path = EffectiveVisibilityView.mm; sourceTree = "<group>"; };
		4F4604752C5FD72000C12A68 /* NetworkActivityIndicatorVisibleViewController.h */ = {isa = PBXFileReference; lastKnownFileType = sourcecode.c.h; path = NetworkActivityIndicatorVisibleViewController.h; sourceTree = "<group>"; };
		4F4604762C5FD72000C12A68 /* NetworkActivityIndicatorVisibleViewController.mm */ = {isa = PBXFileReference; lastKnownFileType = sourcecode.cpp.objcpp; path = NetworkActivityIndicatorVisibleViewController.mm; sourceTree = "<group>"; };
		4F4604792C5FD8FB00C12A68 /* DisablesSleepGestureViewController.h */ = {isa = PBXFileReference; lastKnownFileType = sourcecode.c.h; path = DisablesSleepGestureViewController.h; sourceTree = "<group>"; };
		4F46047A2C5FD8FB00C12A68 /* DisablesSleepGestureViewController.mm */ = {isa = PBXFileReference; lastKnownFileType = sourcecode.cpp.objcpp; path = DisablesSleepGestureViewController.mm; sourceTree = "<group>"; };
		4F46047D2C5FDBDA00C12A68 /* WantsAutorotationViewController.h */ = {isa = PBXFileReference; lastKnownFileType = sourcecode.c.h; path = WantsAutorotationViewController.h; sourceTree = "<group>"; };
		4F46047E2C5FDBDA00C12A68 /* WantsAutorotationViewController.mm */ = {isa = PBXFileReference; lastKnownFileType = sourcecode.cpp.objcpp; path = WantsAutorotationViewController.mm; sourceTree = "<group>"; };
		4F47EA4F2C5E267700B6D032 /* MapKit.framework */ = {isa = PBXFileReference; lastKnownFileType = wrapper.framework; name = MapKit.framework; path = Platforms/WatchOS.platform/Developer/SDKs/WatchOS11.0.sdk/System/Library/Frameworks/MapKit.framework; sourceTree = DEVELOPER_DIR; };
		4F85F3502C5A963E00C25410 /* DigitalCrownViewController.h */ = {isa = PBXFileReference; lastKnownFileType = sourcecode.c.h; path = DigitalCrownViewController.h; sourceTree = "<group>"; };
		4F85F3512C5A963E00C25410 /* DigitalCrownViewController.mm */ = {isa = PBXFileReference; lastKnownFileType = sourcecode.cpp.objcpp; path = DigitalCrownViewController.mm; sourceTree = "<group>"; };
		4F85F3532C5A9CDA00C25410 /* DigitalCrownView.h */ = {isa = PBXFileReference; lastKnownFileType = sourcecode.c.h; path = DigitalCrownView.h; sourceTree = "<group>"; };
		4F85F3542C5A9CDA00C25410 /* DigitalCrownView.mm */ = {isa = PBXFileReference; lastKnownFileType = sourcecode.cpp.objcpp; path = DigitalCrownView.mm; sourceTree = "<group>"; };
		4F85F3922C5D350000C25410 /* SlidersViewController.h */ = {isa = PBXFileReference; lastKnownFileType = sourcecode.c.h; path = SlidersViewController.h; sourceTree = "<group>"; };
		4F85F3932C5D350000C25410 /* SlidersViewController.mm */ = {isa = PBXFileReference; lastKnownFileType = sourcecode.cpp.objcpp; path = SlidersViewController.mm; sourceTree = "<group>"; };
		4F85F3992C5E1CC200C25410 /* AlertPresenterViewController.h */ = {isa = PBXFileReference; lastKnownFileType = sourcecode.c.h; path = AlertPresenterViewController.h; sourceTree = "<group>"; };
		4F85F39A2C5E1CC200C25410 /* AlertPresenterViewController.mm */ = {isa = PBXFileReference; lastKnownFileType = sourcecode.cpp.objcpp; path = AlertPresenterViewController.mm; sourceTree = "<group>"; };
		4F85F39D2C5E1FDC00C25410 /* SheetPresenterViewController.h */ = {isa = PBXFileReference; lastKnownFileType = sourcecode.c.h; path = SheetPresenterViewController.h; sourceTree = "<group>"; };
		4F85F39E2C5E1FDC00C25410 /* SheetPresenterViewController.mm */ = {isa = PBXFileReference; lastKnownFileType = sourcecode.cpp.objcpp; path = SheetPresenterViewController.mm; sourceTree = "<group>"; };
		4F86742C2C5A88DC00825FE5 /* main.mm */ = {isa = PBXFileReference; lastKnownFileType = sourcecode.cpp.objcpp; path = main.mm; sourceTree = "<group>"; };
		4F86742E2C5A88FD00825FE5 /* NSObject+Foundation_IvarDescription.h */ = {isa = PBXFileReference; lastKnownFileType = sourcecode.c.h; path = "NSObject+Foundation_IvarDescription.h"; sourceTree = "<group>"; };
		4F86742F2C5A88FD00825FE5 /* NSObject+Foundation_IvarDescription.mm */ = {isa = PBXFileReference; lastKnownFileType = sourcecode.cpp.objcpp; path = "NSObject+Foundation_IvarDescription.mm"; sourceTree = "<group>"; };
		4F8674312C5A893900825FE5 /* AppDelegate.h */ = {isa = PBXFileReference; lastKnownFileType = sourcecode.c.h; path = AppDelegate.h; sourceTree = "<group>"; };
		4F8674322C5A893900825FE5 /* AppDelegate.mm */ = {isa = PBXFileReference; lastKnownFileType = sourcecode.cpp.objcpp; path = AppDelegate.mm; sourceTree = "<group>"; };
		4F8A34CA2C5A861400E3CFC4 /* MiscellaneousPepperUICore Watch App.app */ = {isa = PBXFileReference; explicitFileType = wrapper.application; includeInIndex = 0; path = "MiscellaneousPepperUICore Watch App.app"; sourceTree = BUILT_PRODUCTS_DIR; };
		4F8A34D12C5A861500E3CFC4 /* Assets.xcassets */ = {isa = PBXFileReference; lastKnownFileType = folder.assetcatalog; path = Assets.xcassets; sourceTree = "<group>"; };
		4F9879B92C5A8A2700E4D2F3 /* UIKit.framework */ = {isa = PBXFileReference; lastKnownFileType = wrapper.framework; name = UIKit.framework; path = Platforms/WatchOS.platform/Developer/SDKs/WatchOS11.0.sdk/System/Library/Frameworks/UIKit.framework; sourceTree = DEVELOPER_DIR; };
		4F9879BB2C5A8A2A00E4D2F3 /* WatchKit.framework */ = {isa = PBXFileReference; lastKnownFileType = wrapper.framework; name = WatchKit.framework; path = Platforms/WatchOS.platform/Developer/SDKs/WatchOS11.0.sdk/System/Library/Frameworks/WatchKit.framework; sourceTree = DEVELOPER_DIR; };
		4F9879BD2C5A8A2E00E4D2F3 /* UniformTypeIdentifiers.framework */ = {isa = PBXFileReference; lastKnownFileType = wrapper.framework; name = UniformTypeIdentifiers.framework; path = Platforms/WatchOS.platform/Developer/SDKs/WatchOS11.0.sdk/System/Library/Frameworks/UniformTypeIdentifiers.framework; sourceTree = DEVELOPER_DIR; };
		4FA997BC2C5E3369000E5AFB /* Symbols.framework */ = {isa = PBXFileReference; lastKnownFileType = wrapper.framework; name = Symbols.framework; path = Platforms/WatchOS.platform/Developer/SDKs/WatchOS11.0.sdk/System/Library/Frameworks/Symbols.framework; sourceTree = DEVELOPER_DIR; };
		4FCD98E52C5CEB97001022A9 /* PageViewController.h */ = {isa = PBXFileReference; lastKnownFileType = sourcecode.c.h; path = PageViewController.h; sourceTree = "<group>"; };
		4FCD98E62C5CEB97001022A9 /* PageViewController.mm */ = {isa = PBXFileReference; lastKnownFileType = sourcecode.cpp.objcpp; path = PageViewController.mm; sourceTree = "<group>"; };
		4FE056912C60C1BD00330E3A /* CoreMedia.framework */ = {isa = PBXFileReference; lastKnownFileType = wrapper.framework; name = CoreMedia.framework; path = Platforms/WatchOS.platform/Developer/SDKs/WatchOS11.0.sdk/System/Library/Frameworks/CoreMedia.framework; sourceTree = DEVELOPER_DIR; };
		4FF12C942C60959500F82C15 /* VideoPlayerViewController.h */ = {isa = PBXFileReference; lastKnownFileType = sourcecode.c.h; path = VideoPlayerViewController.h; sourceTree = "<group>"; };
		4FF12C952C60959500F82C15 /* VideoPlayerViewController.mm */ = {isa = PBXFileReference; lastKnownFileType = sourcecode.cpp.objcpp; path = VideoPlayerViewController.mm; sourceTree = "<group>"; };
		4FF12C972C60967700F82C15 /* 0.mp4 */ = {isa = PBXFileReference; lastKnownFileType = file; path = 0.mp4; sourceTree = "<group>"; };
		4FF12CB12C60BB9E00F82C15 /* MyAVSlider.h */ = {isa = PBXFileReference; lastKnownFileType = sourcecode.c.h; path = MyAVSlider.h; sourceTree = "<group>"; };
		4FF12CB22C60BB9E00F82C15 /* MyAVSlider.mm */ = {isa = PBXFileReference; lastKnownFileType = sourcecode.cpp.objcpp; path = MyAVSlider.mm; sourceTree = "<group>"; };
		4FF12CB42C60BF5500F82C15 /* KeyValueObservation.h */ = {isa = PBXFileReference; lastKnownFileType = sourcecode.c.h; path = KeyValueObservation.h; sourceTree = "<group>"; };
		4FF12CB52C60BF5500F82C15 /* KeyValueObservation.m */ = {isa = PBXFileReference; lastKnownFileType = sourcecode.c.objc; path = KeyValueObservation.m; sourceTree = "<group>"; };
		4FF12CB62C60BF5500F82C15 /* KeyValueObservation+Private.h */ = {isa = PBXFileReference; lastKnownFileType = sourcecode.c.h; path = "KeyValueObservation+Private.h"; sourceTree = "<group>"; };
		4FF12CB72C60BF5500F82C15 /* NSObject+KeyValueObservation.h */ = {isa = PBXFileReference; lastKnownFileType = sourcecode.c.h; path = "NSObject+KeyValueObservation.h"; sourceTree = "<group>"; };
		4FF12CB82C60BF5500F82C15 /* NSObject+KeyValueObservation.m */ = {isa = PBXFileReference; lastKnownFileType = sourcecode.c.objc; path = "NSObject+KeyValueObservation.m"; sourceTree = "<group>"; };
		4FFEA7D92C5A8C9000313CAC /* SceneDelegate.h */ = {isa = PBXFileReference; lastKnownFileType = sourcecode.c.h; path = SceneDelegate.h; sourceTree = "<group>"; };
		4FFEA7DA2C5A8C9000313CAC /* SceneDelegate.mm */ = {isa = PBXFileReference; lastKnownFileType = sourcecode.cpp.objcpp; path = SceneDelegate.mm; sourceTree = "<group>"; };
		4FFEA7DC2C5A8D6D00313CAC /* ClassListViewController.h */ = {isa = PBXFileReference; lastKnownFileType = sourcecode.c.h; path = ClassListViewController.h; sourceTree = "<group>"; };
		4FFEA7DD2C5A8D6D00313CAC /* ClassListViewController.mm */ = {isa = PBXFileReference; lastKnownFileType = sourcecode.cpp.objcpp; path = ClassListViewController.mm; sourceTree = "<group>"; };
/* End PBXFileReference section */

/* Begin PBXFrameworksBuildPhase section */
		4F8A34C72C5A861400E3CFC4 /* Frameworks */ = {
			isa = PBXFrameworksBuildPhase;
			buildActionMask = 2147483647;
			files = (
				4F172B202C5A90C4009A1DBC /* QuartzCore.framework in Frameworks */,
				4F9879BE2C5A8A2E00E4D2F3 /* UniformTypeIdentifiers.framework in Frameworks */,
				4F47EA502C5E267700B6D032 /* MapKit.framework in Frameworks */,
				4F172B242C5A90D0009A1DBC /* AVKit.framework in Frameworks */,
				4FE056922C60C1BD00330E3A /* CoreMedia.framework in Frameworks */,
				4F9879BA2C5A8A2700E4D2F3 /* UIKit.framework in Frameworks */,
				4FA997BD2C5E3369000E5AFB /* Symbols.framework in Frameworks */,
				4F172B222C5A90CA009A1DBC /* CoreGraphics.framework in Frameworks */,
				4F172B262C5A90D5009A1DBC /* AVFoundation.framework in Frameworks */,
				4F9879BC2C5A8A2A00E4D2F3 /* WatchKit.framework in Frameworks */,
			);
			runOnlyForDeploymentPostprocessing = 0;
		};
/* End PBXFrameworksBuildPhase section */

/* Begin PBXGroup section */
		4F02A0A32C60C60000C27CA7 /* VolumeIndicator */ = {
			isa = PBXGroup;
			children = (
				4F02A0A42C60C61100C27CA7 /* VolumeIndicatorViewController.h */,
				4F02A0A52C60C61100C27CA7 /* VolumeIndicatorViewController.mm */,
			);
			path = VolumeIndicator;
			sourceTree = "<group>";
		};
		4F3B20B22C5E3D3600D88762 /* Picker */ = {
			isa = PBXGroup;
			children = (
				4F3B20B32C5E3D4700D88762 /* PickerViewController.h */,
				4F3B20B42C5E3D4700D88762 /* PickerViewController.mm */,
			);
			path = Picker;
			sourceTree = "<group>";
		};
		4F3B20B62C5E46F800D88762 /* ActivityIndicator */ = {
			isa = PBXGroup;
			children = (
				4F3B20B72C5E471000D88762 /* ActivityIndicatorViewController.h */,
				4F3B20B82C5E471000D88762 /* ActivityIndicatorViewController.mm */,
			);
			path = ActivityIndicator;
			sourceTree = "<group>";
		};
		4F3B20BE2C5E4A4800D88762 /* TimeOffsetInput */ = {
			isa = PBXGroup;
			children = (
				4F3B20BF2C5E4A5A00D88762 /* TimeOffsetInputViewController.h */,
				4F3B20C02C5E4A5A00D88762 /* TimeOffsetInputViewController.mm */,
			);
			path = TimeOffsetInput;
			sourceTree = "<group>";
		};
		4F3B20DD2C5E50D300D88762 /* QuickboardNumberPad */ = {
			isa = PBXGroup;
			children = (
				4F3B20DE2C5E50E600D88762 /* QuickboardNumberPadViewController.h */,
				4F3B20DF2C5E50E600D88762 /* QuickboardNumberPadViewController.mm */,
			);
			path = QuickboardNumberPad;
			sourceTree = "<group>";
		};
		4F3B20E42C5E54FD00D88762 /* Switch */ = {
			isa = PBXGroup;
			children = (
				4F3B20E52C5E551700D88762 /* SwitchViewController.h */,
				4F3B20E62C5E551700D88762 /* SwitchViewController.mm */,
			);
			path = Switch;
			sourceTree = "<group>";
		};
		4F3B20EB2C5E81AA00D88762 /* CompositionPresenter */ = {
			isa = PBXGroup;
			children = (
				4F3B20EC2C5E81BF00D88762 /* CompositionPresenterViewController.h */,
				4F3B20ED2C5E81BF00D88762 /* CompositionPresenterViewController.mm */,
			);
			path = CompositionPresenter;
			sourceTree = "<group>";
		};
		4F3B20FB2C5E8D8A00D88762 /* MessagePresenter */ = {
			isa = PBXGroup;
			children = (
				4F3B20FC2C5E8DA800D88762 /* MessagePresenterViewController.h */,
				4F3B20FD2C5E8DA800D88762 /* MessagePresenterViewController.mm */,
			);
			path = MessagePresenter;
			sourceTree = "<group>";
		};
		4F4604422C5F711F00C12A68 /* StatusBarPlacement */ = {
			isa = PBXGroup;
			children = (
				4F4604432C5F713B00C12A68 /* StatusBarPlacementViewController.h */,
				4F4604442C5F713B00C12A68 /* StatusBarPlacementViewController.mm */,
			);
			path = StatusBarPlacement;
			sourceTree = "<group>";
		};
		4F4604462C5F75CF00C12A68 /* StatusBarItem */ = {
			isa = PBXGroup;
			children = (
				4F4604472C5F75DE00C12A68 /* StatusBarItemViewController.h */,
				4F4604482C5F75DE00C12A68 /* StatusBarItemViewController.mm */,
			);
			path = StatusBarItem;
			sourceTree = "<group>";
		};
		4F46044A2C5F784B00C12A68 /* StatusBarAlpha */ = {
			isa = PBXGroup;
			children = (
				4F46044B2C5F785F00C12A68 /* StatusBarAlphaViewController.h */,
				4F46044C2C5F785F00C12A68 /* StatusBarAlphaViewController.mm */,
			);
			path = StatusBarAlpha;
			sourceTree = "<group>";
		};
		4F46044E2C5F7C7E00C12A68 /* StatusBarTimeStyle */ = {
			isa = PBXGroup;
			children = (
				4F46044F2C5F7C9400C12A68 /* StatusBarTimeStyleViewController.h */,
				4F4604502C5F7C9400C12A68 /* StatusBarTimeStyleViewController.mm */,
			);
			path = StatusBarTimeStyle;
			sourceTree = "<group>";
		};
		4F4604532C5F7FAA00C12A68 /* AlwaysOn */ = {
			isa = PBXGroup;
			children = (
				4F4604542C5F801F00C12A68 /* AlwaysOnViewController.h */,
				4F4604552C5F801F00C12A68 /* AlwaysOnViewController.mm */,
				4F4604712C5FC6FB00C12A68 /* EffectiveVisibilityView.h */,
				4F4604722C5FC6FB00C12A68 /* EffectiveVisibilityView.mm */,
			);
			path = AlwaysOn;
			sourceTree = "<group>";
		};
		4F4604742C5FD70800C12A68 /* NetworkActivityIndicatorVisible */ = {
			isa = PBXGroup;
			children = (
				4F4604752C5FD72000C12A68 /* NetworkActivityIndicatorVisibleViewController.h */,
				4F4604762C5FD72000C12A68 /* NetworkActivityIndicatorVisibleViewController.mm */,
			);
			path = NetworkActivityIndicatorVisible;
			sourceTree = "<group>";
		};
		4F4604782C5FD8EE00C12A68 /* DisablesSleepGesture */ = {
			isa = PBXGroup;
			children = (
				4F4604792C5FD8FB00C12A68 /* DisablesSleepGestureViewController.h */,
				4F46047A2C5FD8FB00C12A68 /* DisablesSleepGestureViewController.mm */,
			);
			path = DisablesSleepGesture;
			sourceTree = "<group>";
		};
		4F46047C2C5FDBCD00C12A68 /* WantsAutorotation */ = {
			isa = PBXGroup;
			children = (
				4F46047D2C5FDBDA00C12A68 /* WantsAutorotationViewController.h */,
				4F46047E2C5FDBDA00C12A68 /* WantsAutorotationViewController.mm */,
			);
			path = WantsAutorotation;
			sourceTree = "<group>";
		};
		4F85F34F2C5A960A00C25410 /* DigitalCrown */ = {
			isa = PBXGroup;
			children = (
				4F85F3502C5A963E00C25410 /* DigitalCrownViewController.h */,
				4F85F3512C5A963E00C25410 /* DigitalCrownViewController.mm */,
				4F85F3532C5A9CDA00C25410 /* DigitalCrownView.h */,
				4F85F3542C5A9CDA00C25410 /* DigitalCrownView.mm */,
			);
			path = DigitalCrown;
			sourceTree = "<group>";
		};
		4F85F3912C5D34ED00C25410 /* Sliders */ = {
			isa = PBXGroup;
			children = (
				4F85F3922C5D350000C25410 /* SlidersViewController.h */,
				4F85F3932C5D350000C25410 /* SlidersViewController.mm */,
			);
			path = Sliders;
			sourceTree = "<group>";
		};
		4F85F3982C5E1CA700C25410 /* AlertPresenter */ = {
			isa = PBXGroup;
			children = (
				4F85F3992C5E1CC200C25410 /* AlertPresenterViewController.h */,
				4F85F39A2C5E1CC200C25410 /* AlertPresenterViewController.mm */,
			);
			path = AlertPresenter;
			sourceTree = "<group>";
		};
		4F85F39C2C5E1F7700C25410 /* SheetPresenter */ = {
			isa = PBXGroup;
			children = (
				4F85F39D2C5E1FDC00C25410 /* SheetPresenterViewController.h */,
				4F85F39E2C5E1FDC00C25410 /* SheetPresenterViewController.mm */,
			);
			path = SheetPresenter;
			sourceTree = "<group>";
		};
		4F8A34C12C5A861400E3CFC4 = {
			isa = PBXGroup;
			children = (
				4F4604522C5F7F9A00C12A68 /* MiscellaneousPepperUICore-Watch-App-Info.plist */,
				4F8A34CC2C5A861400E3CFC4 /* MiscellaneousPepperUICore */,
				4F8A34CB2C5A861400E3CFC4 /* Products */,
				4F9879B82C5A8A2600E4D2F3 /* Frameworks */,
			);
			sourceTree = "<group>";
		};
		4F8A34CB2C5A861400E3CFC4 /* Products */ = {
			isa = PBXGroup;
			children = (
				4F8A34CA2C5A861400E3CFC4 /* MiscellaneousPepperUICore Watch App.app */,
			);
			name = Products;
			sourceTree = "<group>";
		};
		4F8A34CC2C5A861400E3CFC4 /* MiscellaneousPepperUICore */ = {
			isa = PBXGroup;
			children = (
				4FF12CB92C60BF5500F82C15 /* KeyValueObservation */,
				4FF12C9A2C60967700F82C15 /* Resources */,
				4F8674312C5A893900825FE5 /* AppDelegate.h */,
				4F8674322C5A893900825FE5 /* AppDelegate.mm */,
				4FFEA7D92C5A8C9000313CAC /* SceneDelegate.h */,
				4FFEA7DA2C5A8C9000313CAC /* SceneDelegate.mm */,
				4F8A34D12C5A861500E3CFC4 /* Assets.xcassets */,
				4F86742C2C5A88DC00825FE5 /* main.mm */,
				4F86742E2C5A88FD00825FE5 /* NSObject+Foundation_IvarDescription.h */,
				4F86742F2C5A88FD00825FE5 /* NSObject+Foundation_IvarDescription.mm */,
				4FFEA7DC2C5A8D6D00313CAC /* ClassListViewController.h */,
				4FFEA7DD2C5A8D6D00313CAC /* ClassListViewController.mm */,
				4F85F34F2C5A960A00C25410 /* DigitalCrown */,
				4FCD98E42C5CEB7F001022A9 /* Page */,
				4F85F3912C5D34ED00C25410 /* Sliders */,
				4F85F3982C5E1CA700C25410 /* AlertPresenter */,
				4F85F39C2C5E1F7700C25410 /* SheetPresenter */,
				4F3B20B22C5E3D3600D88762 /* Picker */,
				4F3B20B62C5E46F800D88762 /* ActivityIndicator */,
				4F3B20BE2C5E4A4800D88762 /* TimeOffsetInput */,
				4F3B20DD2C5E50D300D88762 /* QuickboardNumberPad */,
				4F3B20E42C5E54FD00D88762 /* Switch */,
				4F3B20EB2C5E81AA00D88762 /* CompositionPresenter */,
				4F3B20FB2C5E8D8A00D88762 /* MessagePresenter */,
				4F4604422C5F711F00C12A68 /* StatusBarPlacement */,
				4F4604462C5F75CF00C12A68 /* StatusBarItem */,
				4F46044A2C5F784B00C12A68 /* StatusBarAlpha */,
				4F46044E2C5F7C7E00C12A68 /* StatusBarTimeStyle */,
				4F4604532C5F7FAA00C12A68 /* AlwaysOn */,
				4F4604742C5FD70800C12A68 /* NetworkActivityIndicatorVisible */,
				4F4604782C5FD8EE00C12A68 /* DisablesSleepGesture */,
				4F46047C2C5FDBCD00C12A68 /* WantsAutorotation */,
				4FF12C932C60956C00F82C15 /* VideoPlayer */,
				4F02A0A32C60C60000C27CA7 /* VolumeIndicator */,
			);
			path = MiscellaneousPepperUICore;
			sourceTree = "<group>";
		};
		4F9879B82C5A8A2600E4D2F3 /* Frameworks */ = {
			isa = PBXGroup;
			children = (
				4FE056912C60C1BD00330E3A /* CoreMedia.framework */,
				4FA997BC2C5E3369000E5AFB /* Symbols.framework */,
				4F47EA4F2C5E267700B6D032 /* MapKit.framework */,
				4F172B252C5A90D5009A1DBC /* AVFoundation.framework */,
				4F172B232C5A90D0009A1DBC /* AVKit.framework */,
				4F172B212C5A90CA009A1DBC /* CoreGraphics.framework */,
				4F172B1F2C5A90C4009A1DBC /* QuartzCore.framework */,
				4F9879BD2C5A8A2E00E4D2F3 /* UniformTypeIdentifiers.framework */,
				4F9879BB2C5A8A2A00E4D2F3 /* WatchKit.framework */,
				4F9879B92C5A8A2700E4D2F3 /* UIKit.framework */,
			);
			name = Frameworks;
			sourceTree = "<group>";
		};
		4FCD98E42C5CEB7F001022A9 /* Page */ = {
			isa = PBXGroup;
			children = (
				4FCD98E52C5CEB97001022A9 /* PageViewController.h */,
				4FCD98E62C5CEB97001022A9 /* PageViewController.mm */,
			);
			path = Page;
			sourceTree = "<group>";
		};
		4FF12C932C60956C00F82C15 /* VideoPlayer */ = {
			isa = PBXGroup;
			children = (
				4FF12C942C60959500F82C15 /* VideoPlayerViewController.h */,
				4FF12C952C60959500F82C15 /* VideoPlayerViewController.mm */,
				4FF12CB12C60BB9E00F82C15 /* MyAVSlider.h */,
				4FF12CB22C60BB9E00F82C15 /* MyAVSlider.mm */,
			);
			path = VideoPlayer;
			sourceTree = "<group>";
		};
		4FF12C9A2C60967700F82C15 /* Resources */ = {
			isa = PBXGroup;
			children = (
				4FF12C972C60967700F82C15 /* 0.mp4 */,
			);
			path = Resources;
			sourceTree = "<group>";
		};
		4FF12CB92C60BF5500F82C15 /* KeyValueObservation */ = {
			isa = PBXGroup;
			children = (
				4FF12CB42C60BF5500F82C15 /* KeyValueObservation.h */,
				4FF12CB52C60BF5500F82C15 /* KeyValueObservation.m */,
				4FF12CB62C60BF5500F82C15 /* KeyValueObservation+Private.h */,
				4FF12CB72C60BF5500F82C15 /* NSObject+KeyValueObservation.h */,
				4FF12CB82C60BF5500F82C15 /* NSObject+KeyValueObservation.m */,
			);
			path = KeyValueObservation;
			sourceTree = "<group>";
		};
/* End PBXGroup section */

/* Begin PBXNativeTarget section */
		4F8A34C92C5A861400E3CFC4 /* MiscellaneousPepperUICore Watch App */ = {
			isa = PBXNativeTarget;
			buildConfigurationList = 4F8A34D82C5A861500E3CFC4 /* Build configuration list for PBXNativeTarget "MiscellaneousPepperUICore Watch App" */;
			buildPhases = (
				4F8A34C62C5A861400E3CFC4 /* Sources */,
				4F8A34C72C5A861400E3CFC4 /* Frameworks */,
				4F8A34C82C5A861400E3CFC4 /* Resources */,
			);
			buildRules = (
			);
			dependencies = (
			);
			name = "MiscellaneousPepperUICore Watch App";
			productName = "MiscellaneousPepperUICore Watch App";
			productReference = 4F8A34CA2C5A861400E3CFC4 /* MiscellaneousPepperUICore Watch App.app */;
			productType = "com.apple.product-type.application";
		};
/* End PBXNativeTarget section */

/* Begin PBXProject section */
		4F8A34C22C5A861400E3CFC4 /* Project object */ = {
			isa = PBXProject;
			attributes = {
				BuildIndependentTargetsInParallel = 1;
				LastSwiftUpdateCheck = 1600;
				LastUpgradeCheck = 1600;
				TargetAttributes = {
					4F8A34C92C5A861400E3CFC4 = {
						CreatedOnToolsVersion = 16.0;
					};
				};
			};
			buildConfigurationList = 4F8A34C52C5A861400E3CFC4 /* Build configuration list for PBXProject "MiscellaneousPepperUICore" */;
			compatibilityVersion = "Xcode 15.0";
			developmentRegion = en;
			hasScannedForEncodings = 0;
			knownRegions = (
				en,
				Base,
			);
			mainGroup = 4F8A34C12C5A861400E3CFC4;
			productRefGroup = 4F8A34CB2C5A861400E3CFC4 /* Products */;
			projectDirPath = "";
			projectRoot = "";
			targets = (
				4F8A34C92C5A861400E3CFC4 /* MiscellaneousPepperUICore Watch App */,
			);
		};
/* End PBXProject section */

/* Begin PBXResourcesBuildPhase section */
		4F8A34C82C5A861400E3CFC4 /* Resources */ = {
			isa = PBXResourcesBuildPhase;
			buildActionMask = 2147483647;
			files = (
				4F8A34D22C5A861500E3CFC4 /* Assets.xcassets in Resources */,
				4FF12C9C2C60967700F82C15 /* 0.mp4 in Resources */,
			);
			runOnlyForDeploymentPostprocessing = 0;
		};
/* End PBXResourcesBuildPhase section */

/* Begin PBXSourcesBuildPhase section */
		4F8A34C62C5A861400E3CFC4 /* Sources */ = {
			isa = PBXSourcesBuildPhase;
			buildActionMask = 2147483647;
			files = (
				4F86742D2C5A88DC00825FE5 /* main.mm in Sources */,
				4F8674302C5A88FD00825FE5 /* NSObject+Foundation_IvarDescription.mm in Sources */,
				4F3B20E72C5E551700D88762 /* SwitchViewController.mm in Sources */,
				4F85F39B2C5E1CC200C25410 /* AlertPresenterViewController.mm in Sources */,
				4F4604562C5F801F00C12A68 /* AlwaysOnViewController.mm in Sources */,
				4F3B20C12C5E4A5A00D88762 /* TimeOffsetInputViewController.mm in Sources */,
				4F46044D2C5F785F00C12A68 /* StatusBarAlphaViewController.mm in Sources */,
				4FF12CB32C60BB9E00F82C15 /* MyAVSlider.mm in Sources */,
				4F8674332C5A893900825FE5 /* AppDelegate.mm in Sources */,
				4F3B20B52C5E3D4700D88762 /* PickerViewController.mm in Sources */,
				4F46047B2C5FD8FB00C12A68 /* DisablesSleepGestureViewController.mm in Sources */,
				4F85F3942C5D350000C25410 /* SlidersViewController.mm in Sources */,
				4F4604512C5F7C9400C12A68 /* StatusBarTimeStyleViewController.mm in Sources */,
				4F3B20EE2C5E81BF00D88762 /* CompositionPresenterViewController.mm in Sources */,
				4F02A0A62C60C61100C27CA7 /* VolumeIndicatorViewController.mm in Sources */,
				4FF12CBA2C60BF5500F82C15 /* KeyValueObservation.m in Sources */,
				4FF12CBB2C60BF5500F82C15 /* NSObject+KeyValueObservation.m in Sources */,
				4F4604772C5FD72000C12A68 /* NetworkActivityIndicatorVisibleViewController.mm in Sources */,
				4F3B20E02C5E50E600D88762 /* QuickboardNumberPadViewController.mm in Sources */,
				4FCD98E72C5CEB97001022A9 /* PageViewController.mm in Sources */,
				4FFEA7DE2C5A8D6D00313CAC /* ClassListViewController.mm in Sources */,
				4FFEA7DB2C5A8C9000313CAC /* SceneDelegate.mm in Sources */,
				4F46047F2C5FDBDA00C12A68 /* WantsAutorotationViewController.mm in Sources */,
				4F4604732C5FC6FB00C12A68 /* EffectiveVisibilityView.mm in Sources */,
				4F85F3552C5A9CDA00C25410 /* DigitalCrownView.mm in Sources */,
				4FF12C962C60959500F82C15 /* VideoPlayerViewController.mm in Sources */,
				4F3B20FE2C5E8DA800D88762 /* MessagePresenterViewController.mm in Sources */,
				4F3B20B92C5E471000D88762 /* ActivityIndicatorViewController.mm in Sources */,
				4F85F3522C5A963E00C25410 /* DigitalCrownViewController.mm in Sources */,
				4F85F39F2C5E1FDC00C25410 /* SheetPresenterViewController.mm in Sources */,
				4F4604452C5F713B00C12A68 /* StatusBarPlacementViewController.mm in Sources */,
				4F4604492C5F75DE00C12A68 /* StatusBarItemViewController.mm in Sources */,
			);
			runOnlyForDeploymentPostprocessing = 0;
		};
/* End PBXSourcesBuildPhase section */

/* Begin XCBuildConfiguration section */
		4F8A34D62C5A861500E3CFC4 /* Debug */ = {
			isa = XCBuildConfiguration;
			buildSettings = {
				ALWAYS_SEARCH_USER_PATHS = NO;
				ASSETCATALOG_COMPILER_GENERATE_SWIFT_ASSET_SYMBOL_EXTENSIONS = YES;
				CLANG_ANALYZER_NONNULL = YES;
				CLANG_ANALYZER_NUMBER_OBJECT_CONVERSION = YES_AGGRESSIVE;
				CLANG_CXX_LANGUAGE_STANDARD = "gnu++20";
				CLANG_ENABLE_MODULES = YES;
				CLANG_ENABLE_OBJC_ARC = NO;
				CLANG_ENABLE_OBJC_WEAK = YES;
				CLANG_WARN_BLOCK_CAPTURE_AUTORELEASING = YES;
				CLANG_WARN_BOOL_CONVERSION = YES;
				CLANG_WARN_COMMA = YES;
				CLANG_WARN_CONSTANT_CONVERSION = YES;
				CLANG_WARN_DEPRECATED_OBJC_IMPLEMENTATIONS = YES;
				CLANG_WARN_DIRECT_OBJC_ISA_USAGE = YES_ERROR;
				CLANG_WARN_DOCUMENTATION_COMMENTS = YES;
				CLANG_WARN_EMPTY_BODY = YES;
				CLANG_WARN_ENUM_CONVERSION = YES;
				CLANG_WARN_INFINITE_RECURSION = YES;
				CLANG_WARN_INT_CONVERSION = YES;
				CLANG_WARN_NON_LITERAL_NULL_CONVERSION = YES;
				CLANG_WARN_OBJC_IMPLICIT_RETAIN_SELF = YES;
				CLANG_WARN_OBJC_LITERAL_CONVERSION = YES;
				CLANG_WARN_OBJC_ROOT_CLASS = YES_ERROR;
				CLANG_WARN_QUOTED_INCLUDE_IN_FRAMEWORK_HEADER = YES;
				CLANG_WARN_RANGE_LOOP_ANALYSIS = YES;
				CLANG_WARN_STRICT_PROTOTYPES = YES;
				CLANG_WARN_SUSPICIOUS_MOVE = YES;
				CLANG_WARN_UNGUARDED_AVAILABILITY = YES_AGGRESSIVE;
				CLANG_WARN_UNREACHABLE_CODE = YES;
				CLANG_WARN__DUPLICATE_METHOD_MATCH = YES;
				COPY_PHASE_STRIP = NO;
				DEBUG_INFORMATION_FORMAT = dwarf;
				ENABLE_STRICT_OBJC_MSGSEND = YES;
				ENABLE_TESTABILITY = YES;
				ENABLE_USER_SCRIPT_SANDBOXING = YES;
				GCC_C_LANGUAGE_STANDARD = gnu17;
				GCC_DYNAMIC_NO_PIC = NO;
				GCC_NO_COMMON_BLOCKS = YES;
				GCC_OPTIMIZATION_LEVEL = 0;
				GCC_PREPROCESSOR_DEFINITIONS = (
					"DEBUG=1",
					"$(inherited)",
				);
				GCC_WARN_64_TO_32_BIT_CONVERSION = YES;
				GCC_WARN_ABOUT_RETURN_TYPE = YES_ERROR;
				GCC_WARN_UNDECLARED_SELECTOR = YES;
				GCC_WARN_UNINITIALIZED_AUTOS = YES_AGGRESSIVE;
				GCC_WARN_UNUSED_FUNCTION = YES;
				GCC_WARN_UNUSED_VARIABLE = YES;
				LOCALIZATION_PREFERS_STRING_CATALOGS = YES;
				MTL_ENABLE_DEBUG_INFO = INCLUDE_SOURCE;
				MTL_FAST_MATH = YES;
				ONLY_ACTIVE_ARCH = YES;
				SWIFT_ACTIVE_COMPILATION_CONDITIONS = "DEBUG $(inherited)";
				SWIFT_OPTIMIZATION_LEVEL = "-Onone";
			};
			name = Debug;
		};
		4F8A34D72C5A861500E3CFC4 /* Release */ = {
			isa = XCBuildConfiguration;
			buildSettings = {
				ALWAYS_SEARCH_USER_PATHS = NO;
				ASSETCATALOG_COMPILER_GENERATE_SWIFT_ASSET_SYMBOL_EXTENSIONS = YES;
				CLANG_ANALYZER_NONNULL = YES;
				CLANG_ANALYZER_NUMBER_OBJECT_CONVERSION = YES_AGGRESSIVE;
				CLANG_CXX_LANGUAGE_STANDARD = "gnu++20";
				CLANG_ENABLE_MODULES = YES;
				CLANG_ENABLE_OBJC_ARC = NO;
				CLANG_ENABLE_OBJC_WEAK = YES;
				CLANG_WARN_BLOCK_CAPTURE_AUTORELEASING = YES;
				CLANG_WARN_BOOL_CONVERSION = YES;
				CLANG_WARN_COMMA = YES;
				CLANG_WARN_CONSTANT_CONVERSION = YES;
				CLANG_WARN_DEPRECATED_OBJC_IMPLEMENTATIONS = YES;
				CLANG_WARN_DIRECT_OBJC_ISA_USAGE = YES_ERROR;
				CLANG_WARN_DOCUMENTATION_COMMENTS = YES;
				CLANG_WARN_EMPTY_BODY = YES;
				CLANG_WARN_ENUM_CONVERSION = YES;
				CLANG_WARN_INFINITE_RECURSION = YES;
				CLANG_WARN_INT_CONVERSION = YES;
				CLANG_WARN_NON_LITERAL_NULL_CONVERSION = YES;
				CLANG_WARN_OBJC_IMPLICIT_RETAIN_SELF = YES;
				CLANG_WARN_OBJC_LITERAL_CONVERSION = YES;
				CLANG_WARN_OBJC_ROOT_CLASS = YES_ERROR;
				CLANG_WARN_QUOTED_INCLUDE_IN_FRAMEWORK_HEADER = YES;
				CLANG_WARN_RANGE_LOOP_ANALYSIS = YES;
				CLANG_WARN_STRICT_PROTOTYPES = YES;
				CLANG_WARN_SUSPICIOUS_MOVE = YES;
				CLANG_WARN_UNGUARDED_AVAILABILITY = YES_AGGRESSIVE;
				CLANG_WARN_UNREACHABLE_CODE = YES;
				CLANG_WARN__DUPLICATE_METHOD_MATCH = YES;
				COPY_PHASE_STRIP = NO;
				DEBUG_INFORMATION_FORMAT = "dwarf-with-dsym";
				ENABLE_NS_ASSERTIONS = NO;
				ENABLE_STRICT_OBJC_MSGSEND = YES;
				ENABLE_USER_SCRIPT_SANDBOXING = YES;
				GCC_C_LANGUAGE_STANDARD = gnu17;
				GCC_NO_COMMON_BLOCKS = YES;
				GCC_WARN_64_TO_32_BIT_CONVERSION = YES;
				GCC_WARN_ABOUT_RETURN_TYPE = YES_ERROR;
				GCC_WARN_UNDECLARED_SELECTOR = YES;
				GCC_WARN_UNINITIALIZED_AUTOS = YES_AGGRESSIVE;
				GCC_WARN_UNUSED_FUNCTION = YES;
				GCC_WARN_UNUSED_VARIABLE = YES;
				LOCALIZATION_PREFERS_STRING_CATALOGS = YES;
				MTL_ENABLE_DEBUG_INFO = NO;
				MTL_FAST_MATH = YES;
				SWIFT_COMPILATION_MODE = wholemodule;
			};
			name = Release;
		};
		4F8A34D92C5A861500E3CFC4 /* Debug */ = {
			isa = XCBuildConfiguration;
			buildSettings = {
				ASSETCATALOG_COMPILER_APPICON_NAME = AppIcon;
				ASSETCATALOG_COMPILER_GLOBAL_ACCENT_COLOR_NAME = AccentColor;
				CODE_SIGN_STYLE = Automatic;
				CURRENT_PROJECT_VERSION = 1;
				DEVELOPMENT_TEAM = P53D29U9LJ;
				ENABLE_PREVIEWS = YES;
				GENERATE_INFOPLIST_FILE = YES;
				INFOPLIST_FILE = "MiscellaneousPepperUICore-Watch-App-Info.plist";
				INFOPLIST_KEY_CFBundleDisplayName = MiscellaneousPepperUICore;
				INFOPLIST_KEY_NSContactsUsageDescription = Hello;
				INFOPLIST_KEY_UISupportedInterfaceOrientations = "UIInterfaceOrientationPortrait UIInterfaceOrientationPortraitUpsideDown";
				INFOPLIST_KEY_WKCompanionAppBundleIdentifier = "";
				LD_RUNPATH_SEARCH_PATHS = (
					"$(inherited)",
					"@executable_path/Frameworks",
				);
				MARKETING_VERSION = 1.0;
				PRODUCT_BUNDLE_IDENTIFIER = .watchkitapp;
				PRODUCT_NAME = "$(TARGET_NAME)";
				SDKROOT = watchos;
				SKIP_INSTALL = YES;
				SWIFT_EMIT_LOC_STRINGS = YES;
				SWIFT_VERSION = 5.0;
				TARGETED_DEVICE_FAMILY = 4;
				WATCHOS_DEPLOYMENT_TARGET = 11.0;
			};
			name = Debug;
		};
		4F8A34DA2C5A861500E3CFC4 /* Release */ = {
			isa = XCBuildConfiguration;
			buildSettings = {
				ASSETCATALOG_COMPILER_APPICON_NAME = AppIcon;
				ASSETCATALOG_COMPILER_GLOBAL_ACCENT_COLOR_NAME = AccentColor;
				CODE_SIGN_STYLE = Automatic;
				CURRENT_PROJECT_VERSION = 1;
				DEVELOPMENT_TEAM = P53D29U9LJ;
				ENABLE_PREVIEWS = YES;
				GENERATE_INFOPLIST_FILE = YES;
				INFOPLIST_FILE = "MiscellaneousPepperUICore-Watch-App-Info.plist";
				INFOPLIST_KEY_CFBundleDisplayName = MiscellaneousPepperUICore;
				INFOPLIST_KEY_NSContactsUsageDescription = Hello;
				INFOPLIST_KEY_UISupportedInterfaceOrientations = "UIInterfaceOrientationPortrait UIInterfaceOrientationPortraitUpsideDown";
				INFOPLIST_KEY_WKCompanionAppBundleIdentifier = "";
				LD_RUNPATH_SEARCH_PATHS = (
					"$(inherited)",
					"@executable_path/Frameworks",
				);
				MARKETING_VERSION = 1.0;
				PRODUCT_BUNDLE_IDENTIFIER = .watchkitapp;
				PRODUCT_NAME = "$(TARGET_NAME)";
				SDKROOT = watchos;
				SKIP_INSTALL = YES;
				SWIFT_EMIT_LOC_STRINGS = YES;
				SWIFT_VERSION = 5.0;
				TARGETED_DEVICE_FAMILY = 4;
				VALIDATE_PRODUCT = YES;
				WATCHOS_DEPLOYMENT_TARGET = 11.0;
			};
			name = Release;
		};
/* End XCBuildConfiguration section */

/* Begin XCConfigurationList section */
		4F8A34C52C5A861400E3CFC4 /* Build configuration list for PBXProject "MiscellaneousPepperUICore" */ = {
			isa = XCConfigurationList;
			buildConfigurations = (
				4F8A34D62C5A861500E3CFC4 /* Debug */,
				4F8A34D72C5A861500E3CFC4 /* Release */,
			);
			defaultConfigurationIsVisible = 0;
			defaultConfigurationName = Release;
		};
		4F8A34D82C5A861500E3CFC4 /* Build configuration list for PBXNativeTarget "MiscellaneousPepperUICore Watch App" */ = {
			isa = XCConfigurationList;
			buildConfigurations = (
				4F8A34D92C5A861500E3CFC4 /* Debug */,
				4F8A34DA2C5A861500E3CFC4 /* Release */,
			);
			defaultConfigurationIsVisible = 0;
			defaultConfigurationName = Release;
		};
/* End XCConfigurationList section */
	};
	rootObject = 4F8A34C22C5A861400E3CFC4 /* Project object */;
}
